// !$*UTF8*$!
{
	archiveVersion = 1;
	classes = {
	};
	objectVersion = 52;
	objects = {

/* Begin PBXBuildFile section */
		11198BBD241177740080307F /* Disk in Frameworks */ = {isa = PBXBuildFile; productRef = 11198BBC241177740080307F /* Disk */; };
		11198BC024117A9A0080307F /* PKHUD in Frameworks */ = {isa = PBXBuildFile; productRef = 11198BBF24117A9A0080307F /* PKHUD */; };
		111C76B12411BD9500368F08 /* GoogleService-Info.plist in Resources */ = {isa = PBXBuildFile; fileRef = 111C76B02411BD9500368F08 /* GoogleService-Info.plist */; };
		111C76B62412C90500368F08 /* SystemColor.swift in Sources */ = {isa = PBXBuildFile; fileRef = 111C76B52412C90500368F08 /* SystemColor.swift */; };
		1162D12C240D05F600647002 /* AppDelegate.swift in Sources */ = {isa = PBXBuildFile; fileRef = 1162D12B240D05F600647002 /* AppDelegate.swift */; };
		1162D12E240D05F600647002 /* SceneDelegate.swift in Sources */ = {isa = PBXBuildFile; fileRef = 1162D12D240D05F600647002 /* SceneDelegate.swift */; };
		1162D130240D05F600647002 /* MapController.swift in Sources */ = {isa = PBXBuildFile; fileRef = 1162D12F240D05F600647002 /* MapController.swift */; };
		1162D133240D05F600647002 /* Main.storyboard in Resources */ = {isa = PBXBuildFile; fileRef = 1162D131240D05F600647002 /* Main.storyboard */; };
		1162D135240D05FA00647002 /* Assets.xcassets in Resources */ = {isa = PBXBuildFile; fileRef = 1162D134240D05FA00647002 /* Assets.xcassets */; };
		1162D138240D05FA00647002 /* LaunchScreen.storyboard in Resources */ = {isa = PBXBuildFile; fileRef = 1162D136240D05FA00647002 /* LaunchScreen.storyboard */; };
		1162D141240D2F9300647002 /* CodableCSV in Frameworks */ = {isa = PBXBuildFile; productRef = 1162D140240D2F9300647002 /* CodableCSV */; };
		1162D145240EB86400647002 /* VirusReportAnnotation.swift in Sources */ = {isa = PBXBuildFile; fileRef = 1162D144240EB86400647002 /* VirusReportAnnotation.swift */; };
		1162D149240EB8B300647002 /* Extensions.swift in Sources */ = {isa = PBXBuildFile; fileRef = 1162D148240EB8B300647002 /* Extensions.swift */; };
		1162D14A240EBA3400647002 /* VirusReport.swift in Sources */ = {isa = PBXBuildFile; fileRef = 1162D146240EB89C00647002 /* VirusReport.swift */; };
		1162D14D240EE5B900647002 /* Charts in Frameworks */ = {isa = PBXBuildFile; productRef = 1162D14C240EE5B900647002 /* Charts */; };
		1162D155240F934000647002 /* XYMarkerView.swift in Sources */ = {isa = PBXBuildFile; fileRef = 1162D152240F934000647002 /* XYMarkerView.swift */; };
		1162D156240F934100647002 /* BalloonMarker.swift in Sources */ = {isa = PBXBuildFile; fileRef = 1162D153240F934000647002 /* BalloonMarker.swift */; };
		1162D15A240FA46D00647002 /* VirusDataManager.swift in Sources */ = {isa = PBXBuildFile; fileRef = 1162D159240FA46D00647002 /* VirusDataManager.swift */; };
		1162D15E240FA66000647002 /* Region.swift in Sources */ = {isa = PBXBuildFile; fileRef = 1162D15D240FA66000647002 /* Region.swift */; };
		1162D161240FA87E00647002 /* VirusReportAnnotationView.swift in Sources */ = {isa = PBXBuildFile; fileRef = 1162D160240FA87E00647002 /* VirusReportAnnotationView.swift */; };
		1162D163240FAC9300647002 /* VirusTimeSeries.swift in Sources */ = {isa = PBXBuildFile; fileRef = 1162D162240FAC9300647002 /* VirusTimeSeries.swift */; };
		1162D165240FAE8900647002 /* VirusData.swift in Sources */ = {isa = PBXBuildFile; fileRef = 1162D164240FAE8900647002 /* VirusData.swift */; };
		1162D16E240FCDAB00647002 /* RegionController.swift in Sources */ = {isa = PBXBuildFile; fileRef = 1162D16D240FCDAB00647002 /* RegionController.swift */; };
		1162D17724103B3100647002 /* FloatingPanel in Frameworks */ = {isa = PBXBuildFile; productRef = 1162D17624103B3100647002 /* FloatingPanel */; };
		11672A1C24114922000B2466 /* PercentValueFormatter.swift in Sources */ = {isa = PBXBuildFile; fileRef = 11672A1B24114922000B2466 /* PercentValueFormatter.swift */; };
		11672A1E2411494F000B2466 /* DayAxisValueFormatter.swift in Sources */ = {isa = PBXBuildFile; fileRef = 11672A1D2411494F000B2466 /* DayAxisValueFormatter.swift */; };
		116EC0A82410DF48006E4559 /* RegionContainerController.swift in Sources */ = {isa = PBXBuildFile; fileRef = 116EC0A72410DF48006E4559 /* RegionContainerController.swift */; };
		409C57F8E9DB811269AE4CF7 /* Pods_Corona_Tracker.framework in Frameworks */ = {isa = PBXBuildFile; fileRef = 90694E819D89057ECA1FF8E6 /* Pods_Corona_Tracker.framework */; };
/* End PBXBuildFile section */

/* Begin PBXFileReference section */
		111C76B02411BD9500368F08 /* GoogleService-Info.plist */ = {isa = PBXFileReference; fileEncoding = 4; lastKnownFileType = text.plist.xml; path = "GoogleService-Info.plist"; sourceTree = "<group>"; };
		111C76B52412C90500368F08 /* SystemColor.swift */ = {isa = PBXFileReference; fileEncoding = 4; lastKnownFileType = sourcecode.swift; path = SystemColor.swift; sourceTree = "<group>"; };
		1162D128240D05F600647002 /* Corona Tracker.app */ = {isa = PBXFileReference; explicitFileType = wrapper.application; includeInIndex = 0; path = "Corona Tracker.app"; sourceTree = BUILT_PRODUCTS_DIR; };
		1162D12B240D05F600647002 /* AppDelegate.swift */ = {isa = PBXFileReference; lastKnownFileType = sourcecode.swift; path = AppDelegate.swift; sourceTree = "<group>"; };
		1162D12D240D05F600647002 /* SceneDelegate.swift */ = {isa = PBXFileReference; lastKnownFileType = sourcecode.swift; path = SceneDelegate.swift; sourceTree = "<group>"; };
		1162D12F240D05F600647002 /* MapController.swift */ = {isa = PBXFileReference; lastKnownFileType = sourcecode.swift; path = MapController.swift; sourceTree = "<group>"; };
		1162D132240D05F600647002 /* Base */ = {isa = PBXFileReference; lastKnownFileType = file.storyboard; name = Base; path = Base.lproj/Main.storyboard; sourceTree = "<group>"; };
		1162D134240D05FA00647002 /* Assets.xcassets */ = {isa = PBXFileReference; lastKnownFileType = folder.assetcatalog; path = Assets.xcassets; sourceTree = "<group>"; };
		1162D137240D05FA00647002 /* Base */ = {isa = PBXFileReference; lastKnownFileType = file.storyboard; name = Base; path = Base.lproj/LaunchScreen.storyboard; sourceTree = "<group>"; };
		1162D139240D05FA00647002 /* Info.plist */ = {isa = PBXFileReference; lastKnownFileType = text.plist.xml; path = Info.plist; sourceTree = "<group>"; };
		1162D144240EB86400647002 /* VirusReportAnnotation.swift */ = {isa = PBXFileReference; lastKnownFileType = sourcecode.swift; path = VirusReportAnnotation.swift; sourceTree = "<group>"; };
		1162D146240EB89C00647002 /* VirusReport.swift */ = {isa = PBXFileReference; lastKnownFileType = sourcecode.swift; path = VirusReport.swift; sourceTree = "<group>"; };
		1162D148240EB8B300647002 /* Extensions.swift */ = {isa = PBXFileReference; lastKnownFileType = sourcecode.swift; path = Extensions.swift; sourceTree = "<group>"; };
		1162D152240F934000647002 /* XYMarkerView.swift */ = {isa = PBXFileReference; fileEncoding = 4; lastKnownFileType = sourcecode.swift; path = XYMarkerView.swift; sourceTree = "<group>"; };
		1162D153240F934000647002 /* BalloonMarker.swift */ = {isa = PBXFileReference; fileEncoding = 4; lastKnownFileType = sourcecode.swift; path = BalloonMarker.swift; sourceTree = "<group>"; };
		1162D159240FA46D00647002 /* VirusDataManager.swift */ = {isa = PBXFileReference; lastKnownFileType = sourcecode.swift; path = VirusDataManager.swift; sourceTree = "<group>"; };
		1162D15D240FA66000647002 /* Region.swift */ = {isa = PBXFileReference; lastKnownFileType = sourcecode.swift; path = Region.swift; sourceTree = "<group>"; };
		1162D160240FA87E00647002 /* VirusReportAnnotationView.swift */ = {isa = PBXFileReference; lastKnownFileType = sourcecode.swift; path = VirusReportAnnotationView.swift; sourceTree = "<group>"; };
		1162D162240FAC9300647002 /* VirusTimeSeries.swift */ = {isa = PBXFileReference; lastKnownFileType = sourcecode.swift; path = VirusTimeSeries.swift; sourceTree = "<group>"; };
		1162D164240FAE8900647002 /* VirusData.swift */ = {isa = PBXFileReference; lastKnownFileType = sourcecode.swift; path = VirusData.swift; sourceTree = "<group>"; };
		1162D16D240FCDAB00647002 /* RegionController.swift */ = {isa = PBXFileReference; lastKnownFileType = sourcecode.swift; path = RegionController.swift; sourceTree = "<group>"; };
		11672A1B24114922000B2466 /* PercentValueFormatter.swift */ = {isa = PBXFileReference; lastKnownFileType = sourcecode.swift; path = PercentValueFormatter.swift; sourceTree = "<group>"; };
		11672A1D2411494F000B2466 /* DayAxisValueFormatter.swift */ = {isa = PBXFileReference; lastKnownFileType = sourcecode.swift; path = DayAxisValueFormatter.swift; sourceTree = "<group>"; };
		116EC0A72410DF48006E4559 /* RegionContainerController.swift */ = {isa = PBXFileReference; lastKnownFileType = sourcecode.swift; path = RegionContainerController.swift; sourceTree = "<group>"; };
		5111A26392B0EDADF47EF642 /* Pods-Corona Tracker.debug.xcconfig */ = {isa = PBXFileReference; includeInIndex = 1; lastKnownFileType = text.xcconfig; name = "Pods-Corona Tracker.debug.xcconfig"; path = "Target Support Files/Pods-Corona Tracker/Pods-Corona Tracker.debug.xcconfig"; sourceTree = "<group>"; };
		90694E819D89057ECA1FF8E6 /* Pods_Corona_Tracker.framework */ = {isa = PBXFileReference; explicitFileType = wrapper.framework; includeInIndex = 0; path = Pods_Corona_Tracker.framework; sourceTree = BUILT_PRODUCTS_DIR; };
		F26FBB1A4399B6A7D96AE917 /* Pods-Corona Tracker.release.xcconfig */ = {isa = PBXFileReference; includeInIndex = 1; lastKnownFileType = text.xcconfig; name = "Pods-Corona Tracker.release.xcconfig"; path = "Target Support Files/Pods-Corona Tracker/Pods-Corona Tracker.release.xcconfig"; sourceTree = "<group>"; };
/* End PBXFileReference section */

/* Begin PBXFrameworksBuildPhase section */
		1162D125240D05F600647002 /* Frameworks */ = {
			isa = PBXFrameworksBuildPhase;
			buildActionMask = 2147483647;
			files = (
				1162D141240D2F9300647002 /* CodableCSV in Frameworks */,
				1162D17724103B3100647002 /* FloatingPanel in Frameworks */,
				1162D14D240EE5B900647002 /* Charts in Frameworks */,
				11198BC024117A9A0080307F /* PKHUD in Frameworks */,
				11198BBD241177740080307F /* Disk in Frameworks */,
				409C57F8E9DB811269AE4CF7 /* Pods_Corona_Tracker.framework in Frameworks */,
			);
			runOnlyForDeploymentPostprocessing = 0;
		};
/* End PBXFrameworksBuildPhase section */

/* Begin PBXGroup section */
		1162D11F240D05F600647002 = {
			isa = PBXGroup;
			children = (
				1162D12A240D05F600647002 /* Corona */,
				1162D129240D05F600647002 /* Products */,
				E012A6AB79397CCDD29F987E /* Pods */,
				B5DC67163CE0ABD5C9A5A3C2 /* Frameworks */,
			);
			sourceTree = "<group>";
		};
		1162D129240D05F600647002 /* Products */ = {
			isa = PBXGroup;
			children = (
				1162D128240D05F600647002 /* Corona Tracker.app */,
			);
			name = Products;
			sourceTree = "<group>";
		};
		1162D12A240D05F600647002 /* Corona */ = {
			isa = PBXGroup;
			children = (
				1162D158240FA41200647002 /* Data */,
				1162D15F240FA85300647002 /* Map */,
				1162D151240F934000647002 /* Chart */,
				1162D16B240FC55F00647002 /* Util */,
				1162D16C240FC56F00647002 /* Main */,
				1162D131240D05F600647002 /* Main.storyboard */,
				1162D134240D05FA00647002 /* Assets.xcassets */,
				1162D136240D05FA00647002 /* LaunchScreen.storyboard */,
				1162D139240D05FA00647002 /* Info.plist */,
				111C76B02411BD9500368F08 /* GoogleService-Info.plist */,
			);
			path = Corona;
			sourceTree = "<group>";
		};
		1162D151240F934000647002 /* Chart */ = {
			isa = PBXGroup;
			children = (
				1162D152240F934000647002 /* XYMarkerView.swift */,
				1162D153240F934000647002 /* BalloonMarker.swift */,
				11672A1B24114922000B2466 /* PercentValueFormatter.swift */,
				11672A1D2411494F000B2466 /* DayAxisValueFormatter.swift */,
			);
			path = Chart;
			sourceTree = "<group>";
		};
		1162D158240FA41200647002 /* Data */ = {
			isa = PBXGroup;
			children = (
				1162D159240FA46D00647002 /* VirusDataManager.swift */,
				1162D15D240FA66000647002 /* Region.swift */,
				1162D164240FAE8900647002 /* VirusData.swift */,
				1162D146240EB89C00647002 /* VirusReport.swift */,
				1162D162240FAC9300647002 /* VirusTimeSeries.swift */,
			);
			path = Data;
			sourceTree = "<group>";
		};
		1162D15F240FA85300647002 /* Map */ = {
			isa = PBXGroup;
			children = (
				1162D144240EB86400647002 /* VirusReportAnnotation.swift */,
				1162D160240FA87E00647002 /* VirusReportAnnotationView.swift */,
			);
			path = Map;
			sourceTree = "<group>";
		};
		1162D16B240FC55F00647002 /* Util */ = {
			isa = PBXGroup;
			children = (
				1162D148240EB8B300647002 /* Extensions.swift */,
				111C76B52412C90500368F08 /* SystemColor.swift */,
			);
			path = Util;
			sourceTree = "<group>";
		};
		1162D16C240FC56F00647002 /* Main */ = {
			isa = PBXGroup;
			children = (
				1162D12B240D05F600647002 /* AppDelegate.swift */,
				1162D12D240D05F600647002 /* SceneDelegate.swift */,
				1162D12F240D05F600647002 /* MapController.swift */,
				1162D16D240FCDAB00647002 /* RegionController.swift */,
				116EC0A72410DF48006E4559 /* RegionContainerController.swift */,
			);
			path = Main;
			sourceTree = "<group>";
		};
		B5DC67163CE0ABD5C9A5A3C2 /* Frameworks */ = {
			isa = PBXGroup;
			children = (
				90694E819D89057ECA1FF8E6 /* Pods_Corona_Tracker.framework */,
			);
			name = Frameworks;
			sourceTree = "<group>";
		};
		E012A6AB79397CCDD29F987E /* Pods */ = {
			isa = PBXGroup;
			children = (
				5111A26392B0EDADF47EF642 /* Pods-Corona Tracker.debug.xcconfig */,
				F26FBB1A4399B6A7D96AE917 /* Pods-Corona Tracker.release.xcconfig */,
			);
			path = Pods;
			sourceTree = "<group>";
		};
/* End PBXGroup section */

/* Begin PBXNativeTarget section */
		1162D127240D05F600647002 /* Corona Tracker */ = {
			isa = PBXNativeTarget;
			buildConfigurationList = 1162D13C240D05FA00647002 /* Build configuration list for PBXNativeTarget "Corona Tracker" */;
			buildPhases = (
				A94B1E91EFD38E3E9B31910C /* [CP] Check Pods Manifest.lock */,
				1162D124240D05F600647002 /* Sources */,
				1162D125240D05F600647002 /* Frameworks */,
				1162D126240D05F600647002 /* Resources */,
				D48927489EF19DABA9EC8937 /* [CP] Embed Pods Frameworks */,
				111C76B22411C09C00368F08 /* ShellScript */,
			);
			buildRules = (
			);
			dependencies = (
			);
			name = "Corona Tracker";
			packageProductDependencies = (
				1162D140240D2F9300647002 /* CodableCSV */,
				1162D14C240EE5B900647002 /* Charts */,
				1162D17624103B3100647002 /* FloatingPanel */,
				11198BBC241177740080307F /* Disk */,
				11198BBF24117A9A0080307F /* PKHUD */,
			);
			productName = Corona;
			productReference = 1162D128240D05F600647002 /* Corona Tracker.app */;
			productType = "com.apple.product-type.application";
		};
/* End PBXNativeTarget section */

/* Begin PBXProject section */
		1162D120240D05F600647002 /* Project object */ = {
			isa = PBXProject;
			attributes = {
				LastSwiftUpdateCheck = 1130;
				LastUpgradeCheck = 1130;
				ORGANIZATIONNAME = Samabox;
				TargetAttributes = {
					1162D127240D05F600647002 = {
						CreatedOnToolsVersion = 11.3.1;
					};
				};
			};
			buildConfigurationList = 1162D123240D05F600647002 /* Build configuration list for PBXProject "Corona" */;
			compatibilityVersion = "Xcode 9.3";
			developmentRegion = en;
			hasScannedForEncodings = 0;
			knownRegions = (
				en,
				Base,
			);
			mainGroup = 1162D11F240D05F600647002;
			packageReferences = (
				1162D13F240D2F9200647002 /* XCRemoteSwiftPackageReference "CodableCSV" */,
				1162D14B240EE5B800647002 /* XCRemoteSwiftPackageReference "Charts" */,
				1162D17524103B3000647002 /* XCRemoteSwiftPackageReference "FloatingPanel" */,
				11198BBB241177740080307F /* XCRemoteSwiftPackageReference "Disk" */,
				11198BBE24117A9A0080307F /* XCRemoteSwiftPackageReference "PKHUD" */,
			);
			productRefGroup = 1162D129240D05F600647002 /* Products */;
			projectDirPath = "";
			projectRoot = "";
			targets = (
				1162D127240D05F600647002 /* Corona Tracker */,
			);
		};
/* End PBXProject section */

/* Begin PBXResourcesBuildPhase section */
		1162D126240D05F600647002 /* Resources */ = {
			isa = PBXResourcesBuildPhase;
			buildActionMask = 2147483647;
			files = (
				1162D138240D05FA00647002 /* LaunchScreen.storyboard in Resources */,
				111C76B12411BD9500368F08 /* GoogleService-Info.plist in Resources */,
				1162D135240D05FA00647002 /* Assets.xcassets in Resources */,
				1162D133240D05F600647002 /* Main.storyboard in Resources */,
			);
			runOnlyForDeploymentPostprocessing = 0;
		};
/* End PBXResourcesBuildPhase section */

/* Begin PBXShellScriptBuildPhase section */
		111C76B22411C09C00368F08 /* ShellScript */ = {
			isa = PBXShellScriptBuildPhase;
			buildActionMask = 2147483647;
			files = (
			);
			inputFileListPaths = (
			);
			inputPaths = (
				"${DWARF_DSYM_FOLDER_PATH}/${DWARF_DSYM_FILE_NAME}/Contents/Resources/DWARF/${TARGET_NAME}",
				"$(SRCROOT)/$(BUILT_PRODUCTS_DIR)/$(INFOPLIST_PATH)",
			);
			outputFileListPaths = (
			);
			outputPaths = (
			);
			runOnlyForDeploymentPostprocessing = 0;
			shellPath = /bin/sh;
			shellScript = "\"${PODS_ROOT}/FirebaseCrashlytics/run\"\n";
		};
		A94B1E91EFD38E3E9B31910C /* [CP] Check Pods Manifest.lock */ = {
			isa = PBXShellScriptBuildPhase;
			buildActionMask = 2147483647;
			files = (
			);
			inputFileListPaths = (
			);
			inputPaths = (
				"${PODS_PODFILE_DIR_PATH}/Podfile.lock",
				"${PODS_ROOT}/Manifest.lock",
			);
			name = "[CP] Check Pods Manifest.lock";
			outputFileListPaths = (
			);
			outputPaths = (
				"$(DERIVED_FILE_DIR)/Pods-Corona Tracker-checkManifestLockResult.txt",
			);
			runOnlyForDeploymentPostprocessing = 0;
			shellPath = /bin/sh;
			shellScript = "diff \"${PODS_PODFILE_DIR_PATH}/Podfile.lock\" \"${PODS_ROOT}/Manifest.lock\" > /dev/null\nif [ $? != 0 ] ; then\n    # print error to STDERR\n    echo \"error: The sandbox is not in sync with the Podfile.lock. Run 'pod install' or update your CocoaPods installation.\" >&2\n    exit 1\nfi\n# This output is used by Xcode 'outputs' to avoid re-running this script phase.\necho \"SUCCESS\" > \"${SCRIPT_OUTPUT_FILE_0}\"\n";
			showEnvVarsInLog = 0;
		};
		D48927489EF19DABA9EC8937 /* [CP] Embed Pods Frameworks */ = {
			isa = PBXShellScriptBuildPhase;
			buildActionMask = 2147483647;
			files = (
			);
			inputFileListPaths = (
				"${PODS_ROOT}/Target Support Files/Pods-Corona Tracker/Pods-Corona Tracker-frameworks-${CONFIGURATION}-input-files.xcfilelist",
			);
			name = "[CP] Embed Pods Frameworks";
			outputFileListPaths = (
				"${PODS_ROOT}/Target Support Files/Pods-Corona Tracker/Pods-Corona Tracker-frameworks-${CONFIGURATION}-output-files.xcfilelist",
			);
			runOnlyForDeploymentPostprocessing = 0;
			shellPath = /bin/sh;
			shellScript = "\"${PODS_ROOT}/Target Support Files/Pods-Corona Tracker/Pods-Corona Tracker-frameworks.sh\"\n";
			showEnvVarsInLog = 0;
		};
/* End PBXShellScriptBuildPhase section */

/* Begin PBXSourcesBuildPhase section */
		1162D124240D05F600647002 /* Sources */ = {
			isa = PBXSourcesBuildPhase;
			buildActionMask = 2147483647;
			files = (
				1162D149240EB8B300647002 /* Extensions.swift in Sources */,
				11672A1E2411494F000B2466 /* DayAxisValueFormatter.swift in Sources */,
				111C76B62412C90500368F08 /* SystemColor.swift in Sources */,
				1162D155240F934000647002 /* XYMarkerView.swift in Sources */,
				1162D161240FA87E00647002 /* VirusReportAnnotationView.swift in Sources */,
				1162D163240FAC9300647002 /* VirusTimeSeries.swift in Sources */,
				1162D145240EB86400647002 /* VirusReportAnnotation.swift in Sources */,
				1162D15E240FA66000647002 /* Region.swift in Sources */,
				1162D130240D05F600647002 /* MapController.swift in Sources */,
				1162D16E240FCDAB00647002 /* RegionController.swift in Sources */,
				11672A1C24114922000B2466 /* PercentValueFormatter.swift in Sources */,
				1162D165240FAE8900647002 /* VirusData.swift in Sources */,
				1162D14A240EBA3400647002 /* VirusReport.swift in Sources */,
				116EC0A82410DF48006E4559 /* RegionContainerController.swift in Sources */,
				1162D12C240D05F600647002 /* AppDelegate.swift in Sources */,
				1162D15A240FA46D00647002 /* VirusDataManager.swift in Sources */,
				1162D12E240D05F600647002 /* SceneDelegate.swift in Sources */,
				1162D156240F934100647002 /* BalloonMarker.swift in Sources */,
			);
			runOnlyForDeploymentPostprocessing = 0;
		};
/* End PBXSourcesBuildPhase section */

/* Begin PBXVariantGroup section */
		1162D131240D05F600647002 /* Main.storyboard */ = {
			isa = PBXVariantGroup;
			children = (
				1162D132240D05F600647002 /* Base */,
			);
			name = Main.storyboard;
			sourceTree = "<group>";
		};
		1162D136240D05FA00647002 /* LaunchScreen.storyboard */ = {
			isa = PBXVariantGroup;
			children = (
				1162D137240D05FA00647002 /* Base */,
			);
			name = LaunchScreen.storyboard;
			sourceTree = "<group>";
		};
/* End PBXVariantGroup section */

/* Begin XCBuildConfiguration section */
		1162D13A240D05FA00647002 /* Debug */ = {
			isa = XCBuildConfiguration;
			buildSettings = {
				ALWAYS_SEARCH_USER_PATHS = NO;
				CLANG_ANALYZER_NONNULL = YES;
				CLANG_ANALYZER_NUMBER_OBJECT_CONVERSION = YES_AGGRESSIVE;
				CLANG_CXX_LANGUAGE_STANDARD = "gnu++14";
				CLANG_CXX_LIBRARY = "libc++";
				CLANG_ENABLE_MODULES = YES;
				CLANG_ENABLE_OBJC_ARC = YES;
				CLANG_ENABLE_OBJC_WEAK = YES;
				CLANG_WARN_BLOCK_CAPTURE_AUTORELEASING = YES;
				CLANG_WARN_BOOL_CONVERSION = YES;
				CLANG_WARN_COMMA = YES;
				CLANG_WARN_CONSTANT_CONVERSION = YES;
				CLANG_WARN_DEPRECATED_OBJC_IMPLEMENTATIONS = YES;
				CLANG_WARN_DIRECT_OBJC_ISA_USAGE = YES_ERROR;
				CLANG_WARN_DOCUMENTATION_COMMENTS = YES;
				CLANG_WARN_EMPTY_BODY = YES;
				CLANG_WARN_ENUM_CONVERSION = YES;
				CLANG_WARN_INFINITE_RECURSION = YES;
				CLANG_WARN_INT_CONVERSION = YES;
				CLANG_WARN_NON_LITERAL_NULL_CONVERSION = YES;
				CLANG_WARN_OBJC_IMPLICIT_RETAIN_SELF = YES;
				CLANG_WARN_OBJC_LITERAL_CONVERSION = YES;
				CLANG_WARN_OBJC_ROOT_CLASS = YES_ERROR;
				CLANG_WARN_RANGE_LOOP_ANALYSIS = YES;
				CLANG_WARN_STRICT_PROTOTYPES = YES;
				CLANG_WARN_SUSPICIOUS_MOVE = YES;
				CLANG_WARN_UNGUARDED_AVAILABILITY = YES_AGGRESSIVE;
				CLANG_WARN_UNREACHABLE_CODE = YES;
				CLANG_WARN__DUPLICATE_METHOD_MATCH = YES;
				COPY_PHASE_STRIP = NO;
				ENABLE_STRICT_OBJC_MSGSEND = YES;
				ENABLE_TESTABILITY = YES;
				GCC_C_LANGUAGE_STANDARD = gnu11;
				GCC_DYNAMIC_NO_PIC = NO;
				GCC_NO_COMMON_BLOCKS = YES;
				GCC_OPTIMIZATION_LEVEL = 0;
				GCC_PREPROCESSOR_DEFINITIONS = (
					"DEBUG=1",
					"$(inherited)",
				);
				GCC_WARN_64_TO_32_BIT_CONVERSION = YES;
				GCC_WARN_ABOUT_RETURN_TYPE = YES_ERROR;
				GCC_WARN_UNDECLARED_SELECTOR = YES;
				GCC_WARN_UNINITIALIZED_AUTOS = YES_AGGRESSIVE;
				GCC_WARN_UNUSED_FUNCTION = YES;
				GCC_WARN_UNUSED_VARIABLE = YES;
				IPHONEOS_DEPLOYMENT_TARGET = 12.0;
				MTL_ENABLE_DEBUG_INFO = INCLUDE_SOURCE;
				MTL_FAST_MATH = YES;
				ONLY_ACTIVE_ARCH = YES;
				SDKROOT = iphoneos;
				SWIFT_ACTIVE_COMPILATION_CONDITIONS = DEBUG;
				SWIFT_OPTIMIZATION_LEVEL = "-Onone";
			};
			name = Debug;
		};
		1162D13B240D05FA00647002 /* Release */ = {
			isa = XCBuildConfiguration;
			buildSettings = {
				ALWAYS_SEARCH_USER_PATHS = NO;
				CLANG_ANALYZER_NONNULL = YES;
				CLANG_ANALYZER_NUMBER_OBJECT_CONVERSION = YES_AGGRESSIVE;
				CLANG_CXX_LANGUAGE_STANDARD = "gnu++14";
				CLANG_CXX_LIBRARY = "libc++";
				CLANG_ENABLE_MODULES = YES;
				CLANG_ENABLE_OBJC_ARC = YES;
				CLANG_ENABLE_OBJC_WEAK = YES;
				CLANG_WARN_BLOCK_CAPTURE_AUTORELEASING = YES;
				CLANG_WARN_BOOL_CONVERSION = YES;
				CLANG_WARN_COMMA = YES;
				CLANG_WARN_CONSTANT_CONVERSION = YES;
				CLANG_WARN_DEPRECATED_OBJC_IMPLEMENTATIONS = YES;
				CLANG_WARN_DIRECT_OBJC_ISA_USAGE = YES_ERROR;
				CLANG_WARN_DOCUMENTATION_COMMENTS = YES;
				CLANG_WARN_EMPTY_BODY = YES;
				CLANG_WARN_ENUM_CONVERSION = YES;
				CLANG_WARN_INFINITE_RECURSION = YES;
				CLANG_WARN_INT_CONVERSION = YES;
				CLANG_WARN_NON_LITERAL_NULL_CONVERSION = YES;
				CLANG_WARN_OBJC_IMPLICIT_RETAIN_SELF = YES;
				CLANG_WARN_OBJC_LITERAL_CONVERSION = YES;
				CLANG_WARN_OBJC_ROOT_CLASS = YES_ERROR;
				CLANG_WARN_RANGE_LOOP_ANALYSIS = YES;
				CLANG_WARN_STRICT_PROTOTYPES = YES;
				CLANG_WARN_SUSPICIOUS_MOVE = YES;
				CLANG_WARN_UNGUARDED_AVAILABILITY = YES_AGGRESSIVE;
				CLANG_WARN_UNREACHABLE_CODE = YES;
				CLANG_WARN__DUPLICATE_METHOD_MATCH = YES;
				COPY_PHASE_STRIP = NO;
				ENABLE_NS_ASSERTIONS = NO;
				ENABLE_STRICT_OBJC_MSGSEND = YES;
				GCC_C_LANGUAGE_STANDARD = gnu11;
				GCC_NO_COMMON_BLOCKS = YES;
				GCC_WARN_64_TO_32_BIT_CONVERSION = YES;
				GCC_WARN_ABOUT_RETURN_TYPE = YES_ERROR;
				GCC_WARN_UNDECLARED_SELECTOR = YES;
				GCC_WARN_UNINITIALIZED_AUTOS = YES_AGGRESSIVE;
				GCC_WARN_UNUSED_FUNCTION = YES;
				GCC_WARN_UNUSED_VARIABLE = YES;
				IPHONEOS_DEPLOYMENT_TARGET = 12.0;
				MTL_ENABLE_DEBUG_INFO = NO;
				MTL_FAST_MATH = YES;
				SDKROOT = iphoneos;
				SWIFT_COMPILATION_MODE = wholemodule;
				SWIFT_OPTIMIZATION_LEVEL = "-O";
				VALIDATE_PRODUCT = YES;
			};
			name = Release;
		};
		1162D13D240D05FA00647002 /* Debug */ = {
			isa = XCBuildConfiguration;
			baseConfigurationReference = 5111A26392B0EDADF47EF642 /* Pods-Corona Tracker.debug.xcconfig */;
			buildSettings = {
				ASSETCATALOG_COMPILER_APPICON_NAME = AppIcon;
				CODE_SIGN_STYLE = Automatic;
				CURRENT_PROJECT_VERSION = 1.0.1;
				DEVELOPMENT_TEAM = 37BYKL96J7;
				INFOPLIST_FILE = Corona/Info.plist;
				LD_RUNPATH_SEARCH_PATHS = (
					"$(inherited)",
					"@executable_path/Frameworks",
				);
				MARKETING_VERSION = 1.0.1;
				PRODUCT_BUNDLE_IDENTIFIER = com.samabox.corona;
				PRODUCT_NAME = "$(TARGET_NAME)";
				SWIFT_VERSION = 5.0;
				TARGETED_DEVICE_FAMILY = "1,2";
			};
			name = Debug;
		};
		1162D13E240D05FA00647002 /* Release */ = {
			isa = XCBuildConfiguration;
			baseConfigurationReference = F26FBB1A4399B6A7D96AE917 /* Pods-Corona Tracker.release.xcconfig */;
			buildSettings = {
				ASSETCATALOG_COMPILER_APPICON_NAME = AppIcon;
				CODE_SIGN_STYLE = Automatic;
				CURRENT_PROJECT_VERSION = 1.0.1;
				DEVELOPMENT_TEAM = 37BYKL96J7;
				INFOPLIST_FILE = Corona/Info.plist;
				LD_RUNPATH_SEARCH_PATHS = (
					"$(inherited)",
					"@executable_path/Frameworks",
				);
				MARKETING_VERSION = 1.0.1;
				PRODUCT_BUNDLE_IDENTIFIER = com.samabox.corona;
				PRODUCT_NAME = "$(TARGET_NAME)";
				SWIFT_VERSION = 5.0;
				TARGETED_DEVICE_FAMILY = "1,2";
			};
			name = Release;
		};
/* End XCBuildConfiguration section */

/* Begin XCConfigurationList section */
		1162D123240D05F600647002 /* Build configuration list for PBXProject "Corona" */ = {
			isa = XCConfigurationList;
			buildConfigurations = (
				1162D13A240D05FA00647002 /* Debug */,
				1162D13B240D05FA00647002 /* Release */,
			);
			defaultConfigurationIsVisible = 0;
			defaultConfigurationName = Release;
		};
		1162D13C240D05FA00647002 /* Build configuration list for PBXNativeTarget "Corona Tracker" */ = {
			isa = XCConfigurationList;
			buildConfigurations = (
				1162D13D240D05FA00647002 /* Debug */,
				1162D13E240D05FA00647002 /* Release */,
			);
			defaultConfigurationIsVisible = 0;
			defaultConfigurationName = Release;
		};
/* End XCConfigurationList section */

/* Begin XCRemoteSwiftPackageReference section */
		11198BBB241177740080307F /* XCRemoteSwiftPackageReference "Disk" */ = {
			isa = XCRemoteSwiftPackageReference;
			repositoryURL = "https://github.com/saoudrizwan/Disk";
			requirement = {
				kind = upToNextMajorVersion;
				minimumVersion = 0.6.4;
			};
		};
		11198BBE24117A9A0080307F /* XCRemoteSwiftPackageReference "PKHUD" */ = {
			isa = XCRemoteSwiftPackageReference;
			repositoryURL = "https://github.com/Hengyu/PKHUD";
			requirement = {
				branch = master;
				kind = branch;
			};
		};
		1162D13F240D2F9200647002 /* XCRemoteSwiftPackageReference "CodableCSV" */ = {
			isa = XCRemoteSwiftPackageReference;
			repositoryURL = "https://github.com/dehesa/CodableCSV";
			requirement = {
				kind = upToNextMajorVersion;
				minimumVersion = 0.3.3;
			};
		};
		1162D14B240EE5B800647002 /* XCRemoteSwiftPackageReference "Charts" */ = {
			isa = XCRemoteSwiftPackageReference;
			repositoryURL = "https://github.com/danielgindi/Charts";
			requirement = {
				kind = upToNextMajorVersion;
				minimumVersion = 3.4.0;
			};
		};
		1162D17524103B3000647002 /* XCRemoteSwiftPackageReference "FloatingPanel" */ = {
			isa = XCRemoteSwiftPackageReference;
			repositoryURL = "https://github.com/SCENEE/FloatingPanel";
			requirement = {
				kind = upToNextMajorVersion;
				minimumVersion = 1.7.4;
			};
		};
/* End XCRemoteSwiftPackageReference section */

/* Begin XCSwiftPackageProductDependency section */
		11198BBC241177740080307F /* Disk */ = {
			isa = XCSwiftPackageProductDependency;
			package = 11198BBB241177740080307F /* XCRemoteSwiftPackageReference "Disk" */;
			productName = Disk;
		};
		11198BBF24117A9A0080307F /* PKHUD */ = {
			isa = XCSwiftPackageProductDependency;
			package = 11198BBE24117A9A0080307F /* XCRemoteSwiftPackageReference "PKHUD" */;
			productName = PKHUD;
		};
		1162D140240D2F9300647002 /* CodableCSV */ = {
			isa = XCSwiftPackageProductDependency;
			package = 1162D13F240D2F9200647002 /* XCRemoteSwiftPackageReference "CodableCSV" */;
			productName = CodableCSV;
		};
		1162D14C240EE5B900647002 /* Charts */ = {
			isa = XCSwiftPackageProductDependency;
			package = 1162D14B240EE5B800647002 /* XCRemoteSwiftPackageReference "Charts" */;
			productName = Charts;
		};
		1162D17624103B3100647002 /* FloatingPanel */ = {
			isa = XCSwiftPackageProductDependency;
			package = 1162D17524103B3000647002 /* XCRemoteSwiftPackageReference "FloatingPanel" */;
			productName = FloatingPanel;
		};
/* End XCSwiftPackageProductDependency section */
	};
	rootObject = 1162D120240D05F600647002 /* Project object */;
}
