// !$*UTF8*$!
{
	archiveVersion = 1;
	classes = {
	};
	objectVersion = 52;
	objects = {

/* Begin PBXBuildFile section */
		1162D12C240D05F600647002 /* AppDelegate.swift in Sources */ = {isa = PBXBuildFile; fileRef = 1162D12B240D05F600647002 /* AppDelegate.swift */; };
		1162D12E240D05F600647002 /* SceneDelegate.swift in Sources */ = {isa = PBXBuildFile; fileRef = 1162D12D240D05F600647002 /* SceneDelegate.swift */; };
		1162D130240D05F600647002 /* MapController.swift in Sources */ = {isa = PBXBuildFile; fileRef = 1162D12F240D05F600647002 /* MapController.swift */; };
		1162D133240D05F600647002 /* Main.storyboard in Resources */ = {isa = PBXBuildFile; fileRef = 1162D131240D05F600647002 /* Main.storyboard */; };
		1162D135240D05FA00647002 /* Assets.xcassets in Resources */ = {isa = PBXBuildFile; fileRef = 1162D134240D05FA00647002 /* Assets.xcassets */; };
		1162D138240D05FA00647002 /* LaunchScreen.storyboard in Resources */ = {isa = PBXBuildFile; fileRef = 1162D136240D05FA00647002 /* LaunchScreen.storyboard */; };
		1162D141240D2F9300647002 /* CodableCSV in Frameworks */ = {isa = PBXBuildFile; productRef = 1162D140240D2F9300647002 /* CodableCSV */; };
		1162D143240E57EB00647002 /* daily_report.csv in Resources */ = {isa = PBXBuildFile; fileRef = 1162D142240E57EB00647002 /* daily_report.csv */; };
		1162D145240EB86400647002 /* VirusReportAnnotation.swift in Sources */ = {isa = PBXBuildFile; fileRef = 1162D144240EB86400647002 /* VirusReportAnnotation.swift */; };
		1162D149240EB8B300647002 /* Extensions.swift in Sources */ = {isa = PBXBuildFile; fileRef = 1162D148240EB8B300647002 /* Extensions.swift */; };
		1162D14A240EBA3400647002 /* VirusReport.swift in Sources */ = {isa = PBXBuildFile; fileRef = 1162D146240EB89C00647002 /* VirusReport.swift */; };
		1162D14D240EE5B900647002 /* Charts in Frameworks */ = {isa = PBXBuildFile; productRef = 1162D14C240EE5B900647002 /* Charts */; };
		1162D155240F934000647002 /* XYMarkerView.swift in Sources */ = {isa = PBXBuildFile; fileRef = 1162D152240F934000647002 /* XYMarkerView.swift */; };
		1162D156240F934100647002 /* BalloonMarker.swift in Sources */ = {isa = PBXBuildFile; fileRef = 1162D153240F934000647002 /* BalloonMarker.swift */; };
		1162D15A240FA46D00647002 /* VirusDataManager.swift in Sources */ = {isa = PBXBuildFile; fileRef = 1162D159240FA46D00647002 /* VirusDataManager.swift */; };
		1162D15C240FA5F600647002 /* time_series_confirmed.csv in Resources */ = {isa = PBXBuildFile; fileRef = 1162D15B240FA5F600647002 /* time_series_confirmed.csv */; };
		1162D15E240FA66000647002 /* Region.swift in Sources */ = {isa = PBXBuildFile; fileRef = 1162D15D240FA66000647002 /* Region.swift */; };
		1162D161240FA87E00647002 /* VirusReportAnnotationView.swift in Sources */ = {isa = PBXBuildFile; fileRef = 1162D160240FA87E00647002 /* VirusReportAnnotationView.swift */; };
		1162D163240FAC9300647002 /* VirusTimeSeries.swift in Sources */ = {isa = PBXBuildFile; fileRef = 1162D162240FAC9300647002 /* VirusTimeSeries.swift */; };
		1162D165240FAE8900647002 /* VirusData.swift in Sources */ = {isa = PBXBuildFile; fileRef = 1162D164240FAE8900647002 /* VirusData.swift */; };
		1162D168240FB7BD00647002 /* time_series_recovered.csv in Resources */ = {isa = PBXBuildFile; fileRef = 1162D166240FB7BC00647002 /* time_series_recovered.csv */; };
		1162D169240FB7BD00647002 /* time_series_deaths.csv in Resources */ = {isa = PBXBuildFile; fileRef = 1162D167240FB7BC00647002 /* time_series_deaths.csv */; };
		1162D16E240FCDAB00647002 /* RegionController.swift in Sources */ = {isa = PBXBuildFile; fileRef = 1162D16D240FCDAB00647002 /* RegionController.swift */; };
		1162D17224102C4600647002 /* OverlayContainer in Frameworks */ = {isa = PBXBuildFile; productRef = 1162D17124102C4600647002 /* OverlayContainer */; };
		1162D174241031A200647002 /* MainController.swift in Sources */ = {isa = PBXBuildFile; fileRef = 1162D173241031A100647002 /* MainController.swift */; };
/* End PBXBuildFile section */

/* Begin PBXFileReference section */
		1162D128240D05F600647002 /* Corona.app */ = {isa = PBXFileReference; explicitFileType = wrapper.application; includeInIndex = 0; path = Corona.app; sourceTree = BUILT_PRODUCTS_DIR; };
		1162D12B240D05F600647002 /* AppDelegate.swift */ = {isa = PBXFileReference; lastKnownFileType = sourcecode.swift; path = AppDelegate.swift; sourceTree = "<group>"; };
		1162D12D240D05F600647002 /* SceneDelegate.swift */ = {isa = PBXFileReference; lastKnownFileType = sourcecode.swift; path = SceneDelegate.swift; sourceTree = "<group>"; };
		1162D12F240D05F600647002 /* MapController.swift */ = {isa = PBXFileReference; lastKnownFileType = sourcecode.swift; path = MapController.swift; sourceTree = "<group>"; };
		1162D132240D05F600647002 /* Base */ = {isa = PBXFileReference; lastKnownFileType = file.storyboard; name = Base; path = Base.lproj/Main.storyboard; sourceTree = "<group>"; };
		1162D134240D05FA00647002 /* Assets.xcassets */ = {isa = PBXFileReference; lastKnownFileType = folder.assetcatalog; path = Assets.xcassets; sourceTree = "<group>"; };
		1162D137240D05FA00647002 /* Base */ = {isa = PBXFileReference; lastKnownFileType = file.storyboard; name = Base; path = Base.lproj/LaunchScreen.storyboard; sourceTree = "<group>"; };
		1162D139240D05FA00647002 /* Info.plist */ = {isa = PBXFileReference; lastKnownFileType = text.plist.xml; path = Info.plist; sourceTree = "<group>"; };
		1162D142240E57EB00647002 /* daily_report.csv */ = {isa = PBXFileReference; fileEncoding = 4; lastKnownFileType = text; path = daily_report.csv; sourceTree = "<group>"; };
		1162D144240EB86400647002 /* VirusReportAnnotation.swift */ = {isa = PBXFileReference; lastKnownFileType = sourcecode.swift; path = VirusReportAnnotation.swift; sourceTree = "<group>"; };
		1162D146240EB89C00647002 /* VirusReport.swift */ = {isa = PBXFileReference; lastKnownFileType = sourcecode.swift; path = VirusReport.swift; sourceTree = "<group>"; };
		1162D148240EB8B300647002 /* Extensions.swift */ = {isa = PBXFileReference; lastKnownFileType = sourcecode.swift; path = Extensions.swift; sourceTree = "<group>"; };
		1162D152240F934000647002 /* XYMarkerView.swift */ = {isa = PBXFileReference; fileEncoding = 4; lastKnownFileType = sourcecode.swift; path = XYMarkerView.swift; sourceTree = "<group>"; };
		1162D153240F934000647002 /* BalloonMarker.swift */ = {isa = PBXFileReference; fileEncoding = 4; lastKnownFileType = sourcecode.swift; path = BalloonMarker.swift; sourceTree = "<group>"; };
		1162D159240FA46D00647002 /* VirusDataManager.swift */ = {isa = PBXFileReference; lastKnownFileType = sourcecode.swift; path = VirusDataManager.swift; sourceTree = "<group>"; };
		1162D15B240FA5F600647002 /* time_series_confirmed.csv */ = {isa = PBXFileReference; fileEncoding = 4; lastKnownFileType = text; path = time_series_confirmed.csv; sourceTree = "<group>"; };
		1162D15D240FA66000647002 /* Region.swift */ = {isa = PBXFileReference; lastKnownFileType = sourcecode.swift; path = Region.swift; sourceTree = "<group>"; };
		1162D160240FA87E00647002 /* VirusReportAnnotationView.swift */ = {isa = PBXFileReference; lastKnownFileType = sourcecode.swift; path = VirusReportAnnotationView.swift; sourceTree = "<group>"; };
		1162D162240FAC9300647002 /* VirusTimeSeries.swift */ = {isa = PBXFileReference; lastKnownFileType = sourcecode.swift; path = VirusTimeSeries.swift; sourceTree = "<group>"; };
		1162D164240FAE8900647002 /* VirusData.swift */ = {isa = PBXFileReference; lastKnownFileType = sourcecode.swift; path = VirusData.swift; sourceTree = "<group>"; };
		1162D166240FB7BC00647002 /* time_series_recovered.csv */ = {isa = PBXFileReference; fileEncoding = 4; lastKnownFileType = text; path = time_series_recovered.csv; sourceTree = "<group>"; };
		1162D167240FB7BC00647002 /* time_series_deaths.csv */ = {isa = PBXFileReference; fileEncoding = 4; lastKnownFileType = text; path = time_series_deaths.csv; sourceTree = "<group>"; };
		1162D16D240FCDAB00647002 /* RegionController.swift */ = {isa = PBXFileReference; lastKnownFileType = sourcecode.swift; path = RegionController.swift; sourceTree = "<group>"; };
		1162D173241031A100647002 /* MainController.swift */ = {isa = PBXFileReference; fileEncoding = 4; lastKnownFileType = sourcecode.swift; path = MainController.swift; sourceTree = "<group>"; };
/* End PBXFileReference section */

/* Begin PBXFrameworksBuildPhase section */
		1162D125240D05F600647002 /* Frameworks */ = {
			isa = PBXFrameworksBuildPhase;
			buildActionMask = 2147483647;
			files = (
				1162D141240D2F9300647002 /* CodableCSV in Frameworks */,
				1162D14D240EE5B900647002 /* Charts in Frameworks */,
				1162D17224102C4600647002 /* OverlayContainer in Frameworks */,
			);
			runOnlyForDeploymentPostprocessing = 0;
		};
/* End PBXFrameworksBuildPhase section */

/* Begin PBXGroup section */
		1162D11F240D05F600647002 = {
			isa = PBXGroup;
			children = (
				1162D12A240D05F600647002 /* Corona */,
				1162D129240D05F600647002 /* Products */,
			);
			sourceTree = "<group>";
		};
		1162D129240D05F600647002 /* Products */ = {
			isa = PBXGroup;
			children = (
				1162D128240D05F600647002 /* Corona.app */,
			);
			name = Products;
			sourceTree = "<group>";
		};
		1162D12A240D05F600647002 /* Corona */ = {
			isa = PBXGroup;
			children = (
				1162D158240FA41200647002 /* Data */,
				1162D15F240FA85300647002 /* Map */,
				1162D151240F934000647002 /* Chart */,
				1162D16B240FC55F00647002 /* Util */,
				1162D16C240FC56F00647002 /* Main */,
				1162D131240D05F600647002 /* Main.storyboard */,
				1162D134240D05FA00647002 /* Assets.xcassets */,
				1162D136240D05FA00647002 /* LaunchScreen.storyboard */,
				1162D139240D05FA00647002 /* Info.plist */,
				1162D142240E57EB00647002 /* daily_report.csv */,
				1162D15B240FA5F600647002 /* time_series_confirmed.csv */,
				1162D167240FB7BC00647002 /* time_series_deaths.csv */,
				1162D166240FB7BC00647002 /* time_series_recovered.csv */,
			);
			path = Corona;
			sourceTree = "<group>";
		};
		1162D151240F934000647002 /* Chart */ = {
			isa = PBXGroup;
			children = (
				1162D152240F934000647002 /* XYMarkerView.swift */,
				1162D153240F934000647002 /* BalloonMarker.swift */,
			);
			path = Chart;
			sourceTree = "<group>";
		};
		1162D158240FA41200647002 /* Data */ = {
			isa = PBXGroup;
			children = (
				1162D159240FA46D00647002 /* VirusDataManager.swift */,
				1162D15D240FA66000647002 /* Region.swift */,
				1162D164240FAE8900647002 /* VirusData.swift */,
				1162D146240EB89C00647002 /* VirusReport.swift */,
				1162D162240FAC9300647002 /* VirusTimeSeries.swift */,
			);
			path = Data;
			sourceTree = "<group>";
		};
		1162D15F240FA85300647002 /* Map */ = {
			isa = PBXGroup;
			children = (
				1162D144240EB86400647002 /* VirusReportAnnotation.swift */,
				1162D160240FA87E00647002 /* VirusReportAnnotationView.swift */,
			);
			path = Map;
			sourceTree = "<group>";
		};
		1162D16B240FC55F00647002 /* Util */ = {
			isa = PBXGroup;
			children = (
				1162D148240EB8B300647002 /* Extensions.swift */,
			);
			path = Util;
			sourceTree = "<group>";
		};
		1162D16C240FC56F00647002 /* Main */ = {
			isa = PBXGroup;
			children = (
				1162D12B240D05F600647002 /* AppDelegate.swift */,
				1162D12D240D05F600647002 /* SceneDelegate.swift */,
				1162D173241031A100647002 /* MainController.swift */,
				1162D12F240D05F600647002 /* MapController.swift */,
				1162D16D240FCDAB00647002 /* RegionController.swift */,
			);
			path = Main;
			sourceTree = "<group>";
		};
/* End PBXGroup section */

/* Begin PBXNativeTarget section */
		1162D127240D05F600647002 /* Corona */ = {
			isa = PBXNativeTarget;
			buildConfigurationList = 1162D13C240D05FA00647002 /* Build configuration list for PBXNativeTarget "Corona" */;
			buildPhases = (
				1162D124240D05F600647002 /* Sources */,
				1162D125240D05F600647002 /* Frameworks */,
				1162D126240D05F600647002 /* Resources */,
			);
			buildRules = (
			);
			dependencies = (
			);
			name = Corona;
			packageProductDependencies = (
				1162D140240D2F9300647002 /* CodableCSV */,
				1162D14C240EE5B900647002 /* Charts */,
				1162D17124102C4600647002 /* OverlayContainer */,
			);
			productName = Corona;
			productReference = 1162D128240D05F600647002 /* Corona.app */;
			productType = "com.apple.product-type.application";
		};
/* End PBXNativeTarget section */

/* Begin PBXProject section */
		1162D120240D05F600647002 /* Project object */ = {
			isa = PBXProject;
			attributes = {
				LastSwiftUpdateCheck = 1130;
				LastUpgradeCheck = 1130;
				ORGANIZATIONNAME = Samabox;
				TargetAttributes = {
					1162D127240D05F600647002 = {
						CreatedOnToolsVersion = 11.3.1;
					};
				};
			};
			buildConfigurationList = 1162D123240D05F600647002 /* Build configuration list for PBXProject "Corona" */;
			compatibilityVersion = "Xcode 9.3";
			developmentRegion = en;
			hasScannedForEncodings = 0;
			knownRegions = (
				en,
				Base,
			);
			mainGroup = 1162D11F240D05F600647002;
			packageReferences = (
				1162D13F240D2F9200647002 /* XCRemoteSwiftPackageReference "CodableCSV" */,
				1162D14B240EE5B800647002 /* XCRemoteSwiftPackageReference "Charts" */,
				1162D17024102C4600647002 /* XCRemoteSwiftPackageReference "OverlayContainer" */,
			);
			productRefGroup = 1162D129240D05F600647002 /* Products */;
			projectDirPath = "";
			projectRoot = "";
			targets = (
				1162D127240D05F600647002 /* Corona */,
			);
		};
/* End PBXProject section */

/* Begin PBXResourcesBuildPhase section */
		1162D126240D05F600647002 /* Resources */ = {
			isa = PBXResourcesBuildPhase;
			buildActionMask = 2147483647;
			files = (
				1162D169240FB7BD00647002 /* time_series_deaths.csv in Resources */,
				1162D143240E57EB00647002 /* daily_report.csv in Resources */,
				1162D138240D05FA00647002 /* LaunchScreen.storyboard in Resources */,
				1162D168240FB7BD00647002 /* time_series_recovered.csv in Resources */,
				1162D15C240FA5F600647002 /* time_series_confirmed.csv in Resources */,
				1162D135240D05FA00647002 /* Assets.xcassets in Resources */,
				1162D133240D05F600647002 /* Main.storyboard in Resources */,
			);
			runOnlyForDeploymentPostprocessing = 0;
		};
/* End PBXResourcesBuildPhase section */

/* Begin PBXSourcesBuildPhase section */
		1162D124240D05F600647002 /* Sources */ = {
			isa = PBXSourcesBuildPhase;
			buildActionMask = 2147483647;
			files = (
				1162D149240EB8B300647002 /* Extensions.swift in Sources */,
				1162D155240F934000647002 /* XYMarkerView.swift in Sources */,
				1162D161240FA87E00647002 /* VirusReportAnnotationView.swift in Sources */,
				1162D163240FAC9300647002 /* VirusTimeSeries.swift in Sources */,
				1162D174241031A200647002 /* MainController.swift in Sources */,
				1162D145240EB86400647002 /* VirusReportAnnotation.swift in Sources */,
				1162D15E240FA66000647002 /* Region.swift in Sources */,
				1162D130240D05F600647002 /* MapController.swift in Sources */,
				1162D16E240FCDAB00647002 /* RegionController.swift in Sources */,
				1162D165240FAE8900647002 /* VirusData.swift in Sources */,
				1162D14A240EBA3400647002 /* VirusReport.swift in Sources */,
				1162D12C240D05F600647002 /* AppDelegate.swift in Sources */,
				1162D15A240FA46D00647002 /* VirusDataManager.swift in Sources */,
				1162D12E240D05F600647002 /* SceneDelegate.swift in Sources */,
				1162D156240F934100647002 /* BalloonMarker.swift in Sources */,
			);
			runOnlyForDeploymentPostprocessing = 0;
		};
/* End PBXSourcesBuildPhase section */

/* Begin PBXVariantGroup section */
		1162D131240D05F600647002 /* Main.storyboard */ = {
			isa = PBXVariantGroup;
			children = (
				1162D132240D05F600647002 /* Base */,
			);
			name = Main.storyboard;
			sourceTree = "<group>";
		};
		1162D136240D05FA00647002 /* LaunchScreen.storyboard */ = {
			isa = PBXVariantGroup;
			children = (
				1162D137240D05FA00647002 /* Base */,
			);
			name = LaunchScreen.storyboard;
			sourceTree = "<group>";
		};
/* End PBXVariantGroup section */

/* Begin XCBuildConfiguration section */
		1162D13A240D05FA00647002 /* Debug */ = {
			isa = XCBuildConfiguration;
			buildSettings = {
				ALWAYS_SEARCH_USER_PATHS = NO;
				CLANG_ANALYZER_NONNULL = YES;
				CLANG_ANALYZER_NUMBER_OBJECT_CONVERSION = YES_AGGRESSIVE;
				CLANG_CXX_LANGUAGE_STANDARD = "gnu++14";
				CLANG_CXX_LIBRARY = "libc++";
				CLANG_ENABLE_MODULES = YES;
				CLANG_ENABLE_OBJC_ARC = YES;
				CLANG_ENABLE_OBJC_WEAK = YES;
				CLANG_WARN_BLOCK_CAPTURE_AUTORELEASING = YES;
				CLANG_WARN_BOOL_CONVERSION = YES;
				CLANG_WARN_COMMA = YES;
				CLANG_WARN_CONSTANT_CONVERSION = YES;
				CLANG_WARN_DEPRECATED_OBJC_IMPLEMENTATIONS = YES;
				CLANG_WARN_DIRECT_OBJC_ISA_USAGE = YES_ERROR;
				CLANG_WARN_DOCUMENTATION_COMMENTS = YES;
				CLANG_WARN_EMPTY_BODY = YES;
				CLANG_WARN_ENUM_CONVERSION = YES;
				CLANG_WARN_INFINITE_RECURSION = YES;
				CLANG_WARN_INT_CONVERSION = YES;
				CLANG_WARN_NON_LITERAL_NULL_CONVERSION = YES;
				CLANG_WARN_OBJC_IMPLICIT_RETAIN_SELF = YES;
				CLANG_WARN_OBJC_LITERAL_CONVERSION = YES;
				CLANG_WARN_OBJC_ROOT_CLASS = YES_ERROR;
				CLANG_WARN_RANGE_LOOP_ANALYSIS = YES;
				CLANG_WARN_STRICT_PROTOTYPES = YES;
				CLANG_WARN_SUSPICIOUS_MOVE = YES;
				CLANG_WARN_UNGUARDED_AVAILABILITY = YES_AGGRESSIVE;
				CLANG_WARN_UNREACHABLE_CODE = YES;
				CLANG_WARN__DUPLICATE_METHOD_MATCH = YES;
				COPY_PHASE_STRIP = NO;
				DEBUG_INFORMATION_FORMAT = dwarf;
				ENABLE_STRICT_OBJC_MSGSEND = YES;
				ENABLE_TESTABILITY = YES;
				GCC_C_LANGUAGE_STANDARD = gnu11;
				GCC_DYNAMIC_NO_PIC = NO;
				GCC_NO_COMMON_BLOCKS = YES;
				GCC_OPTIMIZATION_LEVEL = 0;
				GCC_PREPROCESSOR_DEFINITIONS = (
					"DEBUG=1",
					"$(inherited)",
				);
				GCC_WARN_64_TO_32_BIT_CONVERSION = YES;
				GCC_WARN_ABOUT_RETURN_TYPE = YES_ERROR;
				GCC_WARN_UNDECLARED_SELECTOR = YES;
				GCC_WARN_UNINITIALIZED_AUTOS = YES_AGGRESSIVE;
				GCC_WARN_UNUSED_FUNCTION = YES;
				GCC_WARN_UNUSED_VARIABLE = YES;
				IPHONEOS_DEPLOYMENT_TARGET = 12.0;
				MTL_ENABLE_DEBUG_INFO = INCLUDE_SOURCE;
				MTL_FAST_MATH = YES;
				ONLY_ACTIVE_ARCH = YES;
				SDKROOT = iphoneos;
				SWIFT_ACTIVE_COMPILATION_CONDITIONS = DEBUG;
				SWIFT_OPTIMIZATION_LEVEL = "-Onone";
			};
			name = Debug;
		};
		1162D13B240D05FA00647002 /* Release */ = {
			isa = XCBuildConfiguration;
			buildSettings = {
				ALWAYS_SEARCH_USER_PATHS = NO;
				CLANG_ANALYZER_NONNULL = YES;
				CLANG_ANALYZER_NUMBER_OBJECT_CONVERSION = YES_AGGRESSIVE;
				CLANG_CXX_LANGUAGE_STANDARD = "gnu++14";
				CLANG_CXX_LIBRARY = "libc++";
				CLANG_ENABLE_MODULES = YES;
				CLANG_ENABLE_OBJC_ARC = YES;
				CLANG_ENABLE_OBJC_WEAK = YES;
				CLANG_WARN_BLOCK_CAPTURE_AUTORELEASING = YES;
				CLANG_WARN_BOOL_CONVERSION = YES;
				CLANG_WARN_COMMA = YES;
				CLANG_WARN_CONSTANT_CONVERSION = YES;
				CLANG_WARN_DEPRECATED_OBJC_IMPLEMENTATIONS = YES;
				CLANG_WARN_DIRECT_OBJC_ISA_USAGE = YES_ERROR;
				CLANG_WARN_DOCUMENTATION_COMMENTS = YES;
				CLANG_WARN_EMPTY_BODY = YES;
				CLANG_WARN_ENUM_CONVERSION = YES;
				CLANG_WARN_INFINITE_RECURSION = YES;
				CLANG_WARN_INT_CONVERSION = YES;
				CLANG_WARN_NON_LITERAL_NULL_CONVERSION = YES;
				CLANG_WARN_OBJC_IMPLICIT_RETAIN_SELF = YES;
				CLANG_WARN_OBJC_LITERAL_CONVERSION = YES;
				CLANG_WARN_OBJC_ROOT_CLASS = YES_ERROR;
				CLANG_WARN_RANGE_LOOP_ANALYSIS = YES;
				CLANG_WARN_STRICT_PROTOTYPES = YES;
				CLANG_WARN_SUSPICIOUS_MOVE = YES;
				CLANG_WARN_UNGUARDED_AVAILABILITY = YES_AGGRESSIVE;
				CLANG_WARN_UNREACHABLE_CODE = YES;
				CLANG_WARN__DUPLICATE_METHOD_MATCH = YES;
				COPY_PHASE_STRIP = NO;
				DEBUG_INFORMATION_FORMAT = "dwarf-with-dsym";
				ENABLE_NS_ASSERTIONS = NO;
				ENABLE_STRICT_OBJC_MSGSEND = YES;
				GCC_C_LANGUAGE_STANDARD = gnu11;
				GCC_NO_COMMON_BLOCKS = YES;
				GCC_WARN_64_TO_32_BIT_CONVERSION = YES;
				GCC_WARN_ABOUT_RETURN_TYPE = YES_ERROR;
				GCC_WARN_UNDECLARED_SELECTOR = YES;
				GCC_WARN_UNINITIALIZED_AUTOS = YES_AGGRESSIVE;
				GCC_WARN_UNUSED_FUNCTION = YES;
				GCC_WARN_UNUSED_VARIABLE = YES;
				IPHONEOS_DEPLOYMENT_TARGET = 12.0;
				MTL_ENABLE_DEBUG_INFO = NO;
				MTL_FAST_MATH = YES;
				SDKROOT = iphoneos;
				SWIFT_COMPILATION_MODE = wholemodule;
				SWIFT_OPTIMIZATION_LEVEL = "-O";
				VALIDATE_PRODUCT = YES;
			};
			name = Release;
		};
		1162D13D240D05FA00647002 /* Debug */ = {
			isa = XCBuildConfiguration;
			buildSettings = {
				ASSETCATALOG_COMPILER_APPICON_NAME = AppIcon;
				CODE_SIGN_STYLE = Automatic;
				DEVELOPMENT_TEAM = 37BYKL96J7;
				INFOPLIST_FILE = Corona/Info.plist;
				LD_RUNPATH_SEARCH_PATHS = (
					"$(inherited)",
					"@executable_path/Frameworks",
				);
				PRODUCT_BUNDLE_IDENTIFIER = com.samabox.Corona;
				PRODUCT_NAME = "$(TARGET_NAME)";
				SWIFT_VERSION = 5.0;
				TARGETED_DEVICE_FAMILY = "1,2";
			};
			name = Debug;
		};
		1162D13E240D05FA00647002 /* Release */ = {
			isa = XCBuildConfiguration;
			buildSettings = {
				ASSETCATALOG_COMPILER_APPICON_NAME = AppIcon;
				CODE_SIGN_STYLE = Automatic;
				DEVELOPMENT_TEAM = 37BYKL96J7;
				INFOPLIST_FILE = Corona/Info.plist;
				LD_RUNPATH_SEARCH_PATHS = (
					"$(inherited)",
					"@executable_path/Frameworks",
				);
				PRODUCT_BUNDLE_IDENTIFIER = com.samabox.Corona;
				PRODUCT_NAME = "$(TARGET_NAME)";
				SWIFT_VERSION = 5.0;
				TARGETED_DEVICE_FAMILY = "1,2";
			};
			name = Release;
		};
/* End XCBuildConfiguration section */

/* Begin XCConfigurationList section */
		1162D123240D05F600647002 /* Build configuration list for PBXProject "Corona" */ = {
			isa = XCConfigurationList;
			buildConfigurations = (
				1162D13A240D05FA00647002 /* Debug */,
				1162D13B240D05FA00647002 /* Release */,
			);
			defaultConfigurationIsVisible = 0;
			defaultConfigurationName = Release;
		};
		1162D13C240D05FA00647002 /* Build configuration list for PBXNativeTarget "Corona" */ = {
			isa = XCConfigurationList;
			buildConfigurations = (
				1162D13D240D05FA00647002 /* Debug */,
				1162D13E240D05FA00647002 /* Release */,
			);
			defaultConfigurationIsVisible = 0;
			defaultConfigurationName = Release;
		};
/* End XCConfigurationList section */

/* Begin XCRemoteSwiftPackageReference section */
		1162D13F240D2F9200647002 /* XCRemoteSwiftPackageReference "CodableCSV" */ = {
			isa = XCRemoteSwiftPackageReference;
			repositoryURL = "https://github.com/dehesa/CodableCSV";
			requirement = {
				kind = upToNextMajorVersion;
				minimumVersion = 0.3.3;
			};
		};
		1162D14B240EE5B800647002 /* XCRemoteSwiftPackageReference "Charts" */ = {
			isa = XCRemoteSwiftPackageReference;
			repositoryURL = "https://github.com/danielgindi/Charts";
			requirement = {
				kind = upToNextMajorVersion;
				minimumVersion = 3.4.0;
			};
		};
		1162D17024102C4600647002 /* XCRemoteSwiftPackageReference "OverlayContainer" */ = {
			isa = XCRemoteSwiftPackageReference;
			repositoryURL = "https://github.com/applidium/OverlayContainer";
			requirement = {
				kind = upToNextMajorVersion;
				minimumVersion = 3.2.1;
			};
		};
/* End XCRemoteSwiftPackageReference section */

/* Begin XCSwiftPackageProductDependency section */
		1162D140240D2F9300647002 /* CodableCSV */ = {
			isa = XCSwiftPackageProductDependency;
			package = 1162D13F240D2F9200647002 /* XCRemoteSwiftPackageReference "CodableCSV" */;
			productName = CodableCSV;
		};
		1162D14C240EE5B900647002 /* Charts */ = {
			isa = XCSwiftPackageProductDependency;
			package = 1162D14B240EE5B800647002 /* XCRemoteSwiftPackageReference "Charts" */;
			productName = Charts;
		};
		1162D17124102C4600647002 /* OverlayContainer */ = {
			isa = XCSwiftPackageProductDependency;
			package = 1162D17024102C4600647002 /* XCRemoteSwiftPackageReference "OverlayContainer" */;
			productName = OverlayContainer;
		};
/* End XCSwiftPackageProductDependency section */
	};
	rootObject = 1162D120240D05F600647002 /* Project object */;
}
