// !$*UTF8*$!
{
	archiveVersion = 1;
	classes = {
	};
	objectVersion = 54;
	objects = {

/* Begin PBXBuildFile section */
		1114CFC82423F8CC00B1CF85 /* ImageItemSource.swift in Sources */ = {isa = PBXBuildFile; fileRef = 1114CFC62423F8CC00B1CF85 /* ImageItemSource.swift */; };
		1114CFC92423F8CC00B1CF85 /* TextItemSource.swift in Sources */ = {isa = PBXBuildFile; fileRef = 1114CFC72423F8CC00B1CF85 /* TextItemSource.swift */; };
		111C76B62412C90500368F08 /* SystemColor.swift in Sources */ = {isa = PBXBuildFile; fileRef = 111C76B52412C90500368F08 /* SystemColor.swift */; };
		1124F64624224E240002641D /* MenuController.swift in Sources */ = {isa = PBXBuildFile; fileRef = 1124F64524224E240002641D /* MenuController.swift */; };
		1124F64A242386A30002641D /* MenuSegue.swift in Sources */ = {isa = PBXBuildFile; fileRef = 1124F649242386A30002641D /* MenuSegue.swift */; };
		1124F64C24238C600002641D /* Menu.swift in Sources */ = {isa = PBXBuildFile; fileRef = 1124F64B24238C600002641D /* Menu.swift */; };
		113AF0592437A4B2000732D0 /* ChartController.swift in Sources */ = {isa = PBXBuildFile; fileRef = 113AF0582437A4B2000732D0 /* ChartController.swift */; };
		113AF05F243B52B3000732D0 /* ShareManager.swift in Sources */ = {isa = PBXBuildFile; fileRef = 113AF05E243B52B3000732D0 /* ShareManager.swift */; };
		1151868B241FA9AA00EBC83E /* UIExtensions.swift in Sources */ = {isa = PBXBuildFile; fileRef = 1151868A241FA9AA00EBC83E /* UIExtensions.swift */; };
		1151868C241FAC5B00EBC83E /* UIExtensions.swift in Sources */ = {isa = PBXBuildFile; fileRef = 1151868A241FA9AA00EBC83E /* UIExtensions.swift */; };
		1151869C241FAF6200EBC83E /* Extensions.swift in Sources */ = {isa = PBXBuildFile; fileRef = 1151869B241FAF6200EBC83E /* Extensions.swift */; };
		1151869D241FAFC200EBC83E /* DataManager.swift in Sources */ = {isa = PBXBuildFile; fileRef = 1151868E241FAECB00EBC83E /* DataManager.swift */; };
		1151869E241FAFC500EBC83E /* DataManager.swift in Sources */ = {isa = PBXBuildFile; fileRef = 1151868E241FAECB00EBC83E /* DataManager.swift */; };
		1151869F241FAFCA00EBC83E /* Report.swift in Sources */ = {isa = PBXBuildFile; fileRef = 11518690241FAECB00EBC83E /* Report.swift */; };
		115186A0241FAFCA00EBC83E /* TimeSeries.swift in Sources */ = {isa = PBXBuildFile; fileRef = 11518691241FAECB00EBC83E /* TimeSeries.swift */; };
		115186A1241FAFCA00EBC83E /* Coordinate.swift in Sources */ = {isa = PBXBuildFile; fileRef = 11518692241FAECB00EBC83E /* Coordinate.swift */; };
		115186A2241FAFCA00EBC83E /* Statistic.swift in Sources */ = {isa = PBXBuildFile; fileRef = 11518693241FAECB00EBC83E /* Statistic.swift */; };
		115186A3241FAFCA00EBC83E /* Region.swift in Sources */ = {isa = PBXBuildFile; fileRef = 11518694241FAECB00EBC83E /* Region.swift */; };
		115186A4241FAFCA00EBC83E /* Report.swift in Sources */ = {isa = PBXBuildFile; fileRef = 11518690241FAECB00EBC83E /* Report.swift */; };
		115186A5241FAFCA00EBC83E /* TimeSeries.swift in Sources */ = {isa = PBXBuildFile; fileRef = 11518691241FAECB00EBC83E /* TimeSeries.swift */; };
		115186A6241FAFCA00EBC83E /* Coordinate.swift in Sources */ = {isa = PBXBuildFile; fileRef = 11518692241FAECB00EBC83E /* Coordinate.swift */; };
		115186A7241FAFCA00EBC83E /* Statistic.swift in Sources */ = {isa = PBXBuildFile; fileRef = 11518693241FAECB00EBC83E /* Statistic.swift */; };
		115186A8241FAFCA00EBC83E /* Region.swift in Sources */ = {isa = PBXBuildFile; fileRef = 11518694241FAECB00EBC83E /* Region.swift */; };
		115186A9241FAFCE00EBC83E /* DataService.swift in Sources */ = {isa = PBXBuildFile; fileRef = 11518696241FAECB00EBC83E /* DataService.swift */; };
		115186AA241FAFCE00EBC83E /* JHUWebDataService.swift in Sources */ = {isa = PBXBuildFile; fileRef = 11518697241FAECB00EBC83E /* JHUWebDataService.swift */; };
		115186AB241FAFCE00EBC83E /* JHURepoDataService.swift in Sources */ = {isa = PBXBuildFile; fileRef = 11518698241FAECB00EBC83E /* JHURepoDataService.swift */; };
		115186AC241FAFCE00EBC83E /* DataService.swift in Sources */ = {isa = PBXBuildFile; fileRef = 11518696241FAECB00EBC83E /* DataService.swift */; };
		115186AD241FAFCE00EBC83E /* JHUWebDataService.swift in Sources */ = {isa = PBXBuildFile; fileRef = 11518697241FAECB00EBC83E /* JHUWebDataService.swift */; };
		115186AE241FAFCE00EBC83E /* JHURepoDataService.swift in Sources */ = {isa = PBXBuildFile; fileRef = 11518698241FAECB00EBC83E /* JHURepoDataService.swift */; };
		115186B1241FAFF300EBC83E /* Disk in Frameworks */ = {isa = PBXBuildFile; productRef = 115186B0241FAFF300EBC83E /* Disk */; };
		115186B4241FB00000EBC83E /* CSV in Frameworks */ = {isa = PBXBuildFile; productRef = 115186B3241FB00000EBC83E /* CSV */; };
		115186B6241FB03F00EBC83E /* Disk in Frameworks */ = {isa = PBXBuildFile; productRef = 115186B5241FB03F00EBC83E /* Disk */; };
		115186B8241FB04200EBC83E /* CSV in Frameworks */ = {isa = PBXBuildFile; productRef = 115186B7241FB04200EBC83E /* CSV */; };
		115186B9241FB31B00EBC83E /* Extensions.swift in Sources */ = {isa = PBXBuildFile; fileRef = 1151869B241FAF6200EBC83E /* Extensions.swift */; };
		115186BA242005E900EBC83E /* SystemColor.swift in Sources */ = {isa = PBXBuildFile; fileRef = 111C76B52412C90500368F08 /* SystemColor.swift */; };
		115186C024203D5100EBC83E /* Change.swift in Sources */ = {isa = PBXBuildFile; fileRef = 115186BE242019EE00EBC83E /* Change.swift */; };
		115186C124203D6800EBC83E /* Change.swift in Sources */ = {isa = PBXBuildFile; fileRef = 115186BE242019EE00EBC83E /* Change.swift */; };
		1162D12C240D05F600647002 /* AppDelegate.swift in Sources */ = {isa = PBXBuildFile; fileRef = 1162D12B240D05F600647002 /* AppDelegate.swift */; };
		1162D12E240D05F600647002 /* SceneDelegate.swift in Sources */ = {isa = PBXBuildFile; fileRef = 1162D12D240D05F600647002 /* SceneDelegate.swift */; };
		1162D130240D05F600647002 /* MapController.swift in Sources */ = {isa = PBXBuildFile; fileRef = 1162D12F240D05F600647002 /* MapController.swift */; };
		1162D135240D05FA00647002 /* Assets.xcassets in Resources */ = {isa = PBXBuildFile; fileRef = 1162D134240D05FA00647002 /* Assets.xcassets */; };
		1162D145240EB86400647002 /* RegionAnnotation.swift in Sources */ = {isa = PBXBuildFile; fileRef = 1162D144240EB86400647002 /* RegionAnnotation.swift */; };
		1162D155240F934000647002 /* SimpleMarkerView.swift in Sources */ = {isa = PBXBuildFile; fileRef = 1162D152240F934000647002 /* SimpleMarkerView.swift */; };
		1162D156240F934100647002 /* BalloonMarker.swift in Sources */ = {isa = PBXBuildFile; fileRef = 1162D153240F934000647002 /* BalloonMarker.swift */; };
		1162D161240FA87E00647002 /* RegionAnnotationView.swift in Sources */ = {isa = PBXBuildFile; fileRef = 1162D160240FA87E00647002 /* RegionAnnotationView.swift */; };
		11672A1C24114922000B2466 /* PercentValueFormatter.swift in Sources */ = {isa = PBXBuildFile; fileRef = 11672A1B24114922000B2466 /* PercentValueFormatter.swift */; };
		11672A1E2411494F000B2466 /* DayAxisValueFormatter.swift in Sources */ = {isa = PBXBuildFile; fileRef = 11672A1D2411494F000B2466 /* DayAxisValueFormatter.swift */; };
		116EC0A82410DF48006E4559 /* RegionPanelController.swift in Sources */ = {isa = PBXBuildFile; fileRef = 116EC0A72410DF48006E4559 /* RegionPanelController.swift */; };
		117C84DA2427E3E200688459 /* Localizable.strings in Resources */ = {isa = PBXBuildFile; fileRef = 117C84DD2427E3E200688459 /* Localizable.strings */; };
		117C84DB2427E3E200688459 /* Localizable.strings in Resources */ = {isa = PBXBuildFile; fileRef = 117C84DD2427E3E200688459 /* Localizable.strings */; };
		117C84E82428119600688459 /* Assets.swift in Sources */ = {isa = PBXBuildFile; fileRef = 117C84E62428119600688459 /* Assets.swift */; };
		117C84E92428119600688459 /* Assets.swift in Sources */ = {isa = PBXBuildFile; fileRef = 117C84E62428119600688459 /* Assets.swift */; };
		117C84EA2428119600688459 /* Strings.swift in Sources */ = {isa = PBXBuildFile; fileRef = 117C84E72428119600688459 /* Strings.swift */; };
		117C84EB2428119600688459 /* Strings.swift in Sources */ = {isa = PBXBuildFile; fileRef = 117C84E72428119600688459 /* Strings.swift */; };
		117C84F52428D3AA00688459 /* ISO-Country.swift in Sources */ = {isa = PBXBuildFile; fileRef = 117C84F42428D3AA00688459 /* ISO-Country.swift */; };
		117C84F62428D3AA00688459 /* ISO-Country.swift in Sources */ = {isa = PBXBuildFile; fileRef = 117C84F42428D3AA00688459 /* ISO-Country.swift */; };
		1186BC5D24291D4000097E9E /* DeltaChartView.swift in Sources */ = {isa = PBXBuildFile; fileRef = 1186BC5C24291D4000097E9E /* DeltaChartView.swift */; };
		1186BC642429FCF800097E9E /* LaunchScreen.storyboard in Resources */ = {isa = PBXBuildFile; fileRef = 1186BC622429FCF800097E9E /* LaunchScreen.storyboard */; };
		1186BC652429FCF800097E9E /* Main.storyboard in Resources */ = {isa = PBXBuildFile; fileRef = 1186BC632429FCF800097E9E /* Main.storyboard */; };
		1186BC672429FD7200097E9E /* Main.storyboard in Resources */ = {isa = PBXBuildFile; fileRef = 1186BC662429FD7200097E9E /* Main.storyboard */; };
		1186BC6E242B608200097E9E /* RegionDataController.swift in Sources */ = {isa = PBXBuildFile; fileRef = 1186BC6D242B608200097E9E /* RegionDataController.swift */; };
		1186BC72242B64FE00097E9E /* RegionDataCell.swift in Sources */ = {isa = PBXBuildFile; fileRef = 1186BC71242B64FE00097E9E /* RegionDataCell.swift */; };
		119043B9242F6F2B0080E405 /* TrendlineChartView.swift in Sources */ = {isa = PBXBuildFile; fileRef = 119043B8242F6F2B0080E405 /* TrendlineChartView.swift */; };
		1195F1A5241EC1FB00FE718F /* Charts in Frameworks */ = {isa = PBXBuildFile; productRef = 1195F1A4241EC1FB00FE718F /* Charts */; };
		11BF32AA24156AE500270130 /* FloatingPanel in Frameworks */ = {isa = PBXBuildFile; productRef = 11BF32A924156AE500270130 /* FloatingPanel */; };
		11C6D37C243E4487003AC870 /* RegionChartView.swift in Sources */ = {isa = PBXBuildFile; fileRef = 11C6D37B243E4487003AC870 /* RegionChartView.swift */; };
		11C6D37E243E44D4003AC870 /* Charts+Extensions.swift in Sources */ = {isa = PBXBuildFile; fileRef = 11C6D37D243E44D4003AC870 /* Charts+Extensions.swift */; };
		11C6D380243E44FC003AC870 /* BaseChartView.swift in Sources */ = {isa = PBXBuildFile; fileRef = 11C6D37F243E44FC003AC870 /* BaseChartView.swift */; };
		11C6D382243E460D003AC870 /* MenuItem.swift in Sources */ = {isa = PBXBuildFile; fileRef = 11C6D381243E460D003AC870 /* MenuItem.swift */; };
		11C6D384243E464A003AC870 /* MenuItemCell.swift in Sources */ = {isa = PBXBuildFile; fileRef = 11C6D383243E464A003AC870 /* MenuItemCell.swift */; };
		11C6D386243E46B1003AC870 /* DetailsView.swift in Sources */ = {isa = PBXBuildFile; fileRef = 11C6D385243E46B1003AC870 /* DetailsView.swift */; };
		11C6D38B243E47BE003AC870 /* StatsCell.swift in Sources */ = {isa = PBXBuildFile; fileRef = 11C6D38A243E47BE003AC870 /* StatsCell.swift */; };
		11C6D38D243E47EF003AC870 /* ChartCell.swift in Sources */ = {isa = PBXBuildFile; fileRef = 11C6D38C243E47EF003AC870 /* ChartCell.swift */; };
		11C6D390243E4882003AC870 /* UpdateTimeCell.swift in Sources */ = {isa = PBXBuildFile; fileRef = 11C6D38F243E4882003AC870 /* UpdateTimeCell.swift */; };
		11C6D392243E489F003AC870 /* DataSourceCell.swift in Sources */ = {isa = PBXBuildFile; fileRef = 11C6D391243E489F003AC870 /* DataSourceCell.swift */; };
		11C6D394243E48C3003AC870 /* AuthorInfoCell.swift in Sources */ = {isa = PBXBuildFile; fileRef = 11C6D393243E48C3003AC870 /* AuthorInfoCell.swift */; };
		11C6D398243E4A23003AC870 /* PanelLayout.swift in Sources */ = {isa = PBXBuildFile; fileRef = 11C6D397243E4A23003AC870 /* PanelLayout.swift */; };
		11DCD56D243F8EEC006CE8ED /* MainToolbar.swift in Sources */ = {isa = PBXBuildFile; fileRef = 11DCD56C243F8EEC006CE8ED /* MainToolbar.swift */; };
		11DCD56F243FAEBB006CE8ED /* MainMenu.swift in Sources */ = {isa = PBXBuildFile; fileRef = 11DCD56E243FAEBB006CE8ED /* MainMenu.swift */; };
		11DE76882431339400381C0A /* ChartView.swift in Sources */ = {isa = PBXBuildFile; fileRef = 11DE76872431339400381C0A /* ChartView.swift */; };
		11EB2C9D2413F7E9001769B2 /* CurrentChartView.swift in Sources */ = {isa = PBXBuildFile; fileRef = 11EB2C9C2413F7E9001769B2 /* CurrentChartView.swift */; };
		11EB2C9F2413FFE1001769B2 /* HistoryChartView.swift in Sources */ = {isa = PBXBuildFile; fileRef = 11EB2C9E2413FFE1001769B2 /* HistoryChartView.swift */; };
		11EB2CA1241400EF001769B2 /* TopChartView.swift in Sources */ = {isa = PBXBuildFile; fileRef = 11EB2CA0241400EF001769B2 /* TopChartView.swift */; };
		3447B4BB241E7631003914AF /* RegionListController.swift in Sources */ = {isa = PBXBuildFile; fileRef = 1195F19D241D2E7900FE718F /* RegionListController.swift */; };
		3447B4BD241E7790003914AF /* App.swift in Sources */ = {isa = PBXBuildFile; fileRef = 3447B4BC241E7790003914AF /* App.swift */; };
		344ED322241AC7AA004C4EA8 /* NotificationCenter.framework in Frameworks */ = {isa = PBXBuildFile; fileRef = 344ED321241AC7AA004C4EA8 /* NotificationCenter.framework */; };
		344ED32C241AC7AA004C4EA8 /* Widget.appex in Embed App Extensions */ = {isa = PBXBuildFile; fileRef = 344ED31F241AC7AA004C4EA8 /* Widget.appex */; platformFilter = ios; settings = {ATTRIBUTES = (RemoveHeadersOnCopy, ); }; };
		344ED333241ACCC9004C4EA8 /* TodayViewController.swift in Sources */ = {isa = PBXBuildFile; fileRef = 344ED324241AC7AA004C4EA8 /* TodayViewController.swift */; };
		CDA50DE0242C7D330055BE4A /* CSV in Embed Frameworks */ = {isa = PBXBuildFile; productRef = 115186B3241FB00000EBC83E /* CSV */; settings = {ATTRIBUTES = (CodeSignOnCopy, ); }; };
		CDA50DE2242C7D350055BE4A /* Disk in Embed Frameworks */ = {isa = PBXBuildFile; productRef = 115186B0241FAFF300EBC83E /* Disk */; settings = {ATTRIBUTES = (CodeSignOnCopy, ); }; };
		CDA50DE3242C7D3C0055BE4A /* CSV in Embed Frameworks */ = {isa = PBXBuildFile; productRef = 115186B7241FB04200EBC83E /* CSV */; settings = {ATTRIBUTES = (CodeSignOnCopy, ); }; };
		CDA50DE5242C7D3D0055BE4A /* Disk in Embed Frameworks */ = {isa = PBXBuildFile; productRef = 115186B5241FB03F00EBC83E /* Disk */; settings = {ATTRIBUTES = (CodeSignOnCopy, ); }; };
/* End PBXBuildFile section */

/* Begin PBXCopyFilesBuildPhase section */
		344ED32D241AC7AA004C4EA8 /* Embed App Extensions */ = {
			isa = PBXCopyFilesBuildPhase;
			buildActionMask = 2147483647;
			dstPath = "";
			dstSubfolderSpec = 13;
			files = (
				344ED32C241AC7AA004C4EA8 /* Widget.appex in Embed App Extensions */,
			);
			name = "Embed App Extensions";
			runOnlyForDeploymentPostprocessing = 0;
		};
		CDA50DE1242C7D330055BE4A /* Embed Frameworks */ = {
			isa = PBXCopyFilesBuildPhase;
			buildActionMask = 2147483647;
			dstPath = "";
			dstSubfolderSpec = 10;
			files = (
				CDA50DE0242C7D330055BE4A /* CSV in Embed Frameworks */,
				CDA50DE2242C7D350055BE4A /* Disk in Embed Frameworks */,
			);
			name = "Embed Frameworks";
			runOnlyForDeploymentPostprocessing = 0;
		};
		CDA50DE4242C7D3C0055BE4A /* Embed Frameworks */ = {
			isa = PBXCopyFilesBuildPhase;
			buildActionMask = 2147483647;
			dstPath = "";
			dstSubfolderSpec = 10;
			files = (
				CDA50DE3242C7D3C0055BE4A /* CSV in Embed Frameworks */,
				CDA50DE5242C7D3D0055BE4A /* Disk in Embed Frameworks */,
			);
			name = "Embed Frameworks";
			runOnlyForDeploymentPostprocessing = 0;
		};
/* End PBXCopyFilesBuildPhase section */

/* Begin PBXFileReference section */
		1114CFC62423F8CC00B1CF85 /* ImageItemSource.swift */ = {isa = PBXFileReference; fileEncoding = 4; lastKnownFileType = sourcecode.swift; path = ImageItemSource.swift; sourceTree = "<group>"; };
		1114CFC72423F8CC00B1CF85 /* TextItemSource.swift */ = {isa = PBXFileReference; fileEncoding = 4; lastKnownFileType = sourcecode.swift; path = TextItemSource.swift; sourceTree = "<group>"; };
		111C76B52412C90500368F08 /* SystemColor.swift */ = {isa = PBXFileReference; fileEncoding = 4; lastKnownFileType = sourcecode.swift; path = SystemColor.swift; sourceTree = "<group>"; };
		1124F64524224E240002641D /* MenuController.swift */ = {isa = PBXFileReference; lastKnownFileType = sourcecode.swift; path = MenuController.swift; sourceTree = "<group>"; };
		1124F649242386A30002641D /* MenuSegue.swift */ = {isa = PBXFileReference; lastKnownFileType = sourcecode.swift; path = MenuSegue.swift; sourceTree = "<group>"; };
		1124F64B24238C600002641D /* Menu.swift */ = {isa = PBXFileReference; lastKnownFileType = sourcecode.swift; path = Menu.swift; sourceTree = "<group>"; };
		113AF0582437A4B2000732D0 /* ChartController.swift */ = {isa = PBXFileReference; lastKnownFileType = sourcecode.swift; path = ChartController.swift; sourceTree = "<group>"; };
		113AF05E243B52B3000732D0 /* ShareManager.swift */ = {isa = PBXFileReference; lastKnownFileType = sourcecode.swift; path = ShareManager.swift; sourceTree = "<group>"; };
		113AF060243CB1C1000732D0 /* nl */ = {isa = PBXFileReference; lastKnownFileType = text.plist.strings; name = nl; path = nl.lproj/Localizable.strings; sourceTree = "<group>"; };
		113AF061243CB277000732D0 /* ro */ = {isa = PBXFileReference; lastKnownFileType = text.plist.strings; name = ro; path = ro.lproj/Localizable.strings; sourceTree = "<group>"; };
		1151868A241FA9AA00EBC83E /* UIExtensions.swift */ = {isa = PBXFileReference; lastKnownFileType = sourcecode.swift; path = UIExtensions.swift; sourceTree = "<group>"; };
		1151868E241FAECB00EBC83E /* DataManager.swift */ = {isa = PBXFileReference; lastKnownFileType = sourcecode.swift; path = DataManager.swift; sourceTree = "<group>"; };
		11518690241FAECB00EBC83E /* Report.swift */ = {isa = PBXFileReference; lastKnownFileType = sourcecode.swift; path = Report.swift; sourceTree = "<group>"; };
		11518691241FAECB00EBC83E /* TimeSeries.swift */ = {isa = PBXFileReference; lastKnownFileType = sourcecode.swift; path = TimeSeries.swift; sourceTree = "<group>"; };
		11518692241FAECB00EBC83E /* Coordinate.swift */ = {isa = PBXFileReference; lastKnownFileType = sourcecode.swift; path = Coordinate.swift; sourceTree = "<group>"; };
		11518693241FAECB00EBC83E /* Statistic.swift */ = {isa = PBXFileReference; lastKnownFileType = sourcecode.swift; path = Statistic.swift; sourceTree = "<group>"; };
		11518694241FAECB00EBC83E /* Region.swift */ = {isa = PBXFileReference; lastKnownFileType = sourcecode.swift; path = Region.swift; sourceTree = "<group>"; };
		11518696241FAECB00EBC83E /* DataService.swift */ = {isa = PBXFileReference; lastKnownFileType = sourcecode.swift; path = DataService.swift; sourceTree = "<group>"; };
		11518697241FAECB00EBC83E /* JHUWebDataService.swift */ = {isa = PBXFileReference; lastKnownFileType = sourcecode.swift; path = JHUWebDataService.swift; sourceTree = "<group>"; };
		11518698241FAECB00EBC83E /* JHURepoDataService.swift */ = {isa = PBXFileReference; lastKnownFileType = sourcecode.swift; path = JHURepoDataService.swift; sourceTree = "<group>"; };
		1151869B241FAF6200EBC83E /* Extensions.swift */ = {isa = PBXFileReference; fileEncoding = 4; lastKnownFileType = sourcecode.swift; path = Extensions.swift; sourceTree = "<group>"; };
		115186BE242019EE00EBC83E /* Change.swift */ = {isa = PBXFileReference; lastKnownFileType = sourcecode.swift; path = Change.swift; sourceTree = "<group>"; };
		1162D128240D05F600647002 /* SpatialReality.app */ = {isa = PBXFileReference; explicitFileType = wrapper.application; includeInIndex = 0; path = SpatialReality.app; sourceTree = BUILT_PRODUCTS_DIR; };
		1162D12B240D05F600647002 /* AppDelegate.swift */ = {isa = PBXFileReference; lastKnownFileType = sourcecode.swift; path = AppDelegate.swift; sourceTree = "<group>"; };
		1162D12D240D05F600647002 /* SceneDelegate.swift */ = {isa = PBXFileReference; lastKnownFileType = sourcecode.swift; path = SceneDelegate.swift; sourceTree = "<group>"; };
		1162D12F240D05F600647002 /* MapController.swift */ = {isa = PBXFileReference; lastKnownFileType = sourcecode.swift; path = MapController.swift; sourceTree = "<group>"; };
		1162D134240D05FA00647002 /* Assets.xcassets */ = {isa = PBXFileReference; lastKnownFileType = folder.assetcatalog; path = Assets.xcassets; sourceTree = "<group>"; };
		1162D139240D05FA00647002 /* Info.plist */ = {isa = PBXFileReference; lastKnownFileType = text.plist.xml; path = Info.plist; sourceTree = "<group>"; };
		1162D144240EB86400647002 /* RegionAnnotation.swift */ = {isa = PBXFileReference; lastKnownFileType = sourcecode.swift; path = RegionAnnotation.swift; sourceTree = "<group>"; };
		1162D152240F934000647002 /* SimpleMarkerView.swift */ = {isa = PBXFileReference; fileEncoding = 4; lastKnownFileType = sourcecode.swift; path = SimpleMarkerView.swift; sourceTree = "<group>"; };
		1162D153240F934000647002 /* BalloonMarker.swift */ = {isa = PBXFileReference; fileEncoding = 4; lastKnownFileType = sourcecode.swift; path = BalloonMarker.swift; sourceTree = "<group>"; };
		1162D160240FA87E00647002 /* RegionAnnotationView.swift */ = {isa = PBXFileReference; lastKnownFileType = sourcecode.swift; path = RegionAnnotationView.swift; sourceTree = "<group>"; };
		11672A1B24114922000B2466 /* PercentValueFormatter.swift */ = {isa = PBXFileReference; lastKnownFileType = sourcecode.swift; path = PercentValueFormatter.swift; sourceTree = "<group>"; };
		11672A1D2411494F000B2466 /* DayAxisValueFormatter.swift */ = {isa = PBXFileReference; lastKnownFileType = sourcecode.swift; path = DayAxisValueFormatter.swift; sourceTree = "<group>"; };
		116EC0A72410DF48006E4559 /* RegionPanelController.swift */ = {isa = PBXFileReference; lastKnownFileType = sourcecode.swift; path = RegionPanelController.swift; sourceTree = "<group>"; };
		117C84DF2427E43F00688459 /* Base */ = {isa = PBXFileReference; lastKnownFileType = text.plist.strings; name = Base; path = Base.lproj/Localizable.strings; sourceTree = "<group>"; };
		117C84E32427F52D00688459 /* de */ = {isa = PBXFileReference; lastKnownFileType = text.plist.strings; name = de; path = de.lproj/Localizable.strings; sourceTree = "<group>"; };
		117C84E42427F54C00688459 /* sv */ = {isa = PBXFileReference; lastKnownFileType = text.plist.strings; name = sv; path = sv.lproj/Localizable.strings; sourceTree = "<group>"; };
		117C84E62428119600688459 /* Assets.swift */ = {isa = PBXFileReference; fileEncoding = 4; lastKnownFileType = sourcecode.swift; path = Assets.swift; sourceTree = "<group>"; };
		117C84E72428119600688459 /* Strings.swift */ = {isa = PBXFileReference; fileEncoding = 4; lastKnownFileType = sourcecode.swift; path = Strings.swift; sourceTree = "<group>"; };
		117C84EC2428907F00688459 /* it */ = {isa = PBXFileReference; lastKnownFileType = text.plist.strings; name = it; path = it.lproj/Localizable.strings; sourceTree = "<group>"; };
		117C84F42428D3AA00688459 /* ISO-Country.swift */ = {isa = PBXFileReference; fileEncoding = 4; lastKnownFileType = sourcecode.swift; path = "ISO-Country.swift"; sourceTree = "<group>"; };
		117C84FC24290AE100688459 /* pt */ = {isa = PBXFileReference; lastKnownFileType = text.plist.strings; name = pt; path = pt.lproj/Localizable.strings; sourceTree = "<group>"; };
		1186BC5C24291D4000097E9E /* DeltaChartView.swift */ = {isa = PBXFileReference; lastKnownFileType = sourcecode.swift; path = DeltaChartView.swift; sourceTree = "<group>"; };
		1186BC622429FCF800097E9E /* LaunchScreen.storyboard */ = {isa = PBXFileReference; fileEncoding = 4; lastKnownFileType = file.storyboard; path = LaunchScreen.storyboard; sourceTree = "<group>"; };
		1186BC632429FCF800097E9E /* Main.storyboard */ = {isa = PBXFileReference; fileEncoding = 4; lastKnownFileType = file.storyboard; path = Main.storyboard; sourceTree = "<group>"; };
		1186BC662429FD7200097E9E /* Main.storyboard */ = {isa = PBXFileReference; fileEncoding = 4; lastKnownFileType = file.storyboard; path = Main.storyboard; sourceTree = "<group>"; };
		1186BC6A242A743000097E9E /* fr */ = {isa = PBXFileReference; lastKnownFileType = text.plist.strings; name = fr; path = fr.lproj/Localizable.strings; sourceTree = "<group>"; };
		1186BC6D242B608200097E9E /* RegionDataController.swift */ = {isa = PBXFileReference; fileEncoding = 4; lastKnownFileType = sourcecode.swift; path = RegionDataController.swift; sourceTree = "<group>"; };
		1186BC71242B64FE00097E9E /* RegionDataCell.swift */ = {isa = PBXFileReference; lastKnownFileType = sourcecode.swift; path = RegionDataCell.swift; sourceTree = "<group>"; };
		119043B8242F6F2B0080E405 /* TrendlineChartView.swift */ = {isa = PBXFileReference; lastKnownFileType = sourcecode.swift; path = TrendlineChartView.swift; sourceTree = "<group>"; };
		1195F19D241D2E7900FE718F /* RegionListController.swift */ = {isa = PBXFileReference; lastKnownFileType = sourcecode.swift; path = RegionListController.swift; sourceTree = "<group>"; };
		11BF32B024166E5C00270130 /* App.entitlements */ = {isa = PBXFileReference; lastKnownFileType = text.plist.entitlements; path = App.entitlements; sourceTree = "<group>"; };
		11C6D37B243E4487003AC870 /* RegionChartView.swift */ = {isa = PBXFileReference; lastKnownFileType = sourcecode.swift; path = RegionChartView.swift; sourceTree = "<group>"; };
		11C6D37D243E44D4003AC870 /* Charts+Extensions.swift */ = {isa = PBXFileReference; lastKnownFileType = sourcecode.swift; path = "Charts+Extensions.swift"; sourceTree = "<group>"; };
		11C6D37F243E44FC003AC870 /* BaseChartView.swift */ = {isa = PBXFileReference; lastKnownFileType = sourcecode.swift; path = BaseChartView.swift; sourceTree = "<group>"; };
		11C6D381243E460D003AC870 /* MenuItem.swift */ = {isa = PBXFileReference; lastKnownFileType = sourcecode.swift; path = MenuItem.swift; sourceTree = "<group>"; };
		11C6D383243E464A003AC870 /* MenuItemCell.swift */ = {isa = PBXFileReference; lastKnownFileType = sourcecode.swift; path = MenuItemCell.swift; sourceTree = "<group>"; };
		11C6D385243E46B1003AC870 /* DetailsView.swift */ = {isa = PBXFileReference; lastKnownFileType = sourcecode.swift; path = DetailsView.swift; sourceTree = "<group>"; };
		11C6D38A243E47BE003AC870 /* StatsCell.swift */ = {isa = PBXFileReference; lastKnownFileType = sourcecode.swift; path = StatsCell.swift; sourceTree = "<group>"; };
		11C6D38C243E47EF003AC870 /* ChartCell.swift */ = {isa = PBXFileReference; lastKnownFileType = sourcecode.swift; path = ChartCell.swift; sourceTree = "<group>"; };
		11C6D38F243E4882003AC870 /* UpdateTimeCell.swift */ = {isa = PBXFileReference; lastKnownFileType = sourcecode.swift; path = UpdateTimeCell.swift; sourceTree = "<group>"; };
		11C6D391243E489F003AC870 /* DataSourceCell.swift */ = {isa = PBXFileReference; lastKnownFileType = sourcecode.swift; path = DataSourceCell.swift; sourceTree = "<group>"; };
		11C6D393243E48C3003AC870 /* AuthorInfoCell.swift */ = {isa = PBXFileReference; lastKnownFileType = sourcecode.swift; path = AuthorInfoCell.swift; sourceTree = "<group>"; };
		11C6D397243E4A23003AC870 /* PanelLayout.swift */ = {isa = PBXFileReference; lastKnownFileType = sourcecode.swift; path = PanelLayout.swift; sourceTree = "<group>"; };
		11DCD56C243F8EEC006CE8ED /* MainToolbar.swift */ = {isa = PBXFileReference; lastKnownFileType = sourcecode.swift; path = MainToolbar.swift; sourceTree = "<group>"; };
		11DCD56E243FAEBB006CE8ED /* MainMenu.swift */ = {isa = PBXFileReference; lastKnownFileType = sourcecode.swift; path = MainMenu.swift; sourceTree = "<group>"; };
		11DE76842430AB2900381C0A /* es */ = {isa = PBXFileReference; lastKnownFileType = text.plist.strings; name = es; path = es.lproj/Localizable.strings; sourceTree = "<group>"; };
		11DE76852430AB9100381C0A /* zh-Hans */ = {isa = PBXFileReference; lastKnownFileType = text.plist.strings; name = "zh-Hans"; path = "zh-Hans.lproj/Localizable.strings"; sourceTree = "<group>"; };
		11DE76862430AE6600381C0A /* ja */ = {isa = PBXFileReference; lastKnownFileType = text.plist.strings; name = ja; path = ja.lproj/Localizable.strings; sourceTree = "<group>"; };
		11DE76872431339400381C0A /* ChartView.swift */ = {isa = PBXFileReference; lastKnownFileType = sourcecode.swift; path = ChartView.swift; sourceTree = "<group>"; };
		11EB2C9C2413F7E9001769B2 /* CurrentChartView.swift */ = {isa = PBXFileReference; lastKnownFileType = sourcecode.swift; path = CurrentChartView.swift; sourceTree = "<group>"; };
		11EB2C9E2413FFE1001769B2 /* HistoryChartView.swift */ = {isa = PBXFileReference; lastKnownFileType = sourcecode.swift; path = HistoryChartView.swift; sourceTree = "<group>"; };
		11EB2CA0241400EF001769B2 /* TopChartView.swift */ = {isa = PBXFileReference; lastKnownFileType = sourcecode.swift; path = TopChartView.swift; sourceTree = "<group>"; };
		18CAD032242A5E1200CA1CEE /* ru */ = {isa = PBXFileReference; lastKnownFileType = text.plist.strings; name = ru; path = ru.lproj/Localizable.strings; sourceTree = "<group>"; };
		3447B4BC241E7790003914AF /* App.swift */ = {isa = PBXFileReference; fileEncoding = 4; lastKnownFileType = sourcecode.swift; path = App.swift; sourceTree = "<group>"; };
		344ED31F241AC7AA004C4EA8 /* Widget.appex */ = {isa = PBXFileReference; explicitFileType = "wrapper.app-extension"; includeInIndex = 0; path = Widget.appex; sourceTree = BUILT_PRODUCTS_DIR; };
		344ED321241AC7AA004C4EA8 /* NotificationCenter.framework */ = {isa = PBXFileReference; lastKnownFileType = wrapper.framework; name = NotificationCenter.framework; path = System/Library/Frameworks/NotificationCenter.framework; sourceTree = SDKROOT; };
		344ED324241AC7AA004C4EA8 /* TodayViewController.swift */ = {isa = PBXFileReference; lastKnownFileType = sourcecode.swift; path = TodayViewController.swift; sourceTree = "<group>"; };
		344ED329241AC7AA004C4EA8 /* Info.plist */ = {isa = PBXFileReference; lastKnownFileType = text.plist.xml; path = Info.plist; sourceTree = "<group>"; };
		34C02EBB2431246C00AE80FE /* pl */ = {isa = PBXFileReference; lastKnownFileType = text.plist.strings; name = pl; path = pl.lproj/Localizable.strings; sourceTree = "<group>"; };
		FC5A29A624400862005C58BB /* ko */ = {isa = PBXFileReference; lastKnownFileType = text.plist.strings; name = ko; path = ko.lproj/Localizable.strings; sourceTree = "<group>"; };
/* End PBXFileReference section */

/* Begin PBXFrameworksBuildPhase section */
		1162D125240D05F600647002 /* Frameworks */ = {
			isa = PBXFrameworksBuildPhase;
			buildActionMask = 2147483647;
			files = (
				11BF32AA24156AE500270130 /* FloatingPanel in Frameworks */,
				115186B1241FAFF300EBC83E /* Disk in Frameworks */,
				1195F1A5241EC1FB00FE718F /* Charts in Frameworks */,
				115186B4241FB00000EBC83E /* CSV in Frameworks */,
			);
			runOnlyForDeploymentPostprocessing = 0;
		};
		344ED31C241AC7AA004C4EA8 /* Frameworks */ = {
			isa = PBXFrameworksBuildPhase;
			buildActionMask = 2147483647;
			files = (
				115186B8241FB04200EBC83E /* CSV in Frameworks */,
				344ED322241AC7AA004C4EA8 /* NotificationCenter.framework in Frameworks */,
				115186B6241FB03F00EBC83E /* Disk in Frameworks */,
			);
			runOnlyForDeploymentPostprocessing = 0;
		};
/* End PBXFrameworksBuildPhase section */

/* Begin PBXGroup section */
		1114CFC52423F8CC00B1CF85 /* Share */ = {
			isa = PBXGroup;
			children = (
				113AF05E243B52B3000732D0 /* ShareManager.swift */,
				1114CFC62423F8CC00B1CF85 /* ImageItemSource.swift */,
				1114CFC72423F8CC00B1CF85 /* TextItemSource.swift */,
			);
			path = Share;
			sourceTree = "<group>";
		};
		1124F64D242394BB0002641D /* Menu */ = {
			isa = PBXGroup;
			children = (
				1124F64B24238C600002641D /* Menu.swift */,
				11C6D381243E460D003AC870 /* MenuItem.swift */,
				1124F649242386A30002641D /* MenuSegue.swift */,
				1124F64524224E240002641D /* MenuController.swift */,
				11C6D383243E464A003AC870 /* MenuItemCell.swift */,
			);
			path = Menu;
			sourceTree = "<group>";
		};
		1151868D241FAECB00EBC83E /* Data */ = {
			isa = PBXGroup;
			children = (
				1151868E241FAECB00EBC83E /* DataManager.swift */,
			);
			path = Data;
			sourceTree = "<group>";
		};
		1151868F241FAECB00EBC83E /* Model */ = {
			isa = PBXGroup;
			children = (
				11518694241FAECB00EBC83E /* Region.swift */,
				11518690241FAECB00EBC83E /* Report.swift */,
				11518691241FAECB00EBC83E /* TimeSeries.swift */,
				11518692241FAECB00EBC83E /* Coordinate.swift */,
				11518693241FAECB00EBC83E /* Statistic.swift */,
				115186BE242019EE00EBC83E /* Change.swift */,
			);
			path = Model;
			sourceTree = "<group>";
		};
		11518695241FAECB00EBC83E /* Service */ = {
			isa = PBXGroup;
			children = (
				11518696241FAECB00EBC83E /* DataService.swift */,
				11518697241FAECB00EBC83E /* JHUWebDataService.swift */,
				11518698241FAECB00EBC83E /* JHURepoDataService.swift */,
			);
			path = Service;
			sourceTree = "<group>";
		};
		1162D11F240D05F600647002 = {
			isa = PBXGroup;
			children = (
				1162D12A240D05F600647002 /* Corona */,
				344ED323241AC7AA004C4EA8 /* Widget */,
				344ED320241AC7AA004C4EA8 /* Frameworks */,
				1162D129240D05F600647002 /* Products */,
			);
			sourceTree = "<group>";
		};
		1162D129240D05F600647002 /* Products */ = {
			isa = PBXGroup;
			children = (
				1162D128240D05F600647002 /* SpatialReality.app */,
				344ED31F241AC7AA004C4EA8 /* Widget.appex */,
			);
			name = Products;
			sourceTree = "<group>";
		};
		1162D12A240D05F600647002 /* Corona */ = {
			isa = PBXGroup;
			children = (
				1151868D241FAECB00EBC83E /* Data */,
				11518695241FAECB00EBC83E /* Service */,
				1151868F241FAECB00EBC83E /* Model */,
				1162D151240F934000647002 /* Chart */,
				1124F64D242394BB0002641D /* Menu */,
				1114CFC52423F8CC00B1CF85 /* Share */,
				11EB2CA224140D24001769B2 /* Controller */,
				1162D16C240FC56F00647002 /* Main */,
				1162D16B240FC55F00647002 /* Util */,
				117C84DE2427E3F200688459 /* Localization */,
				117C84E52428114C00688459 /* Generated */,
				117C84F02428D04000688459 /* Resources */,
				1186BC632429FCF800097E9E /* Main.storyboard */,
				1186BC622429FCF800097E9E /* LaunchScreen.storyboard */,
				1162D139240D05FA00647002 /* Info.plist */,
				11BF32B024166E5C00270130 /* App.entitlements */,
			);
			path = Corona;
			sourceTree = "<group>";
		};
		1162D151240F934000647002 /* Chart */ = {
			isa = PBXGroup;
			children = (
				11C6D378243E43F0003AC870 /* ChartView */,
				11C6D37A243E4441003AC870 /* Components */,
				11C6D379243E4408003AC870 /* Formatters */,
				11EB2C9C2413F7E9001769B2 /* CurrentChartView.swift */,
				1186BC5C24291D4000097E9E /* DeltaChartView.swift */,
				11EB2C9E2413FFE1001769B2 /* HistoryChartView.swift */,
				11EB2CA0241400EF001769B2 /* TopChartView.swift */,
				119043B8242F6F2B0080E405 /* TrendlineChartView.swift */,
			);
			path = Chart;
			sourceTree = "<group>";
		};
		1162D16B240FC55F00647002 /* Util */ = {
			isa = PBXGroup;
			children = (
				1151869B241FAF6200EBC83E /* Extensions.swift */,
				1151868A241FA9AA00EBC83E /* UIExtensions.swift */,
				111C76B52412C90500368F08 /* SystemColor.swift */,
			);
			path = Util;
			sourceTree = "<group>";
		};
		1162D16C240FC56F00647002 /* Main */ = {
			isa = PBXGroup;
			children = (
				3447B4BC241E7790003914AF /* App.swift */,
				1162D12B240D05F600647002 /* AppDelegate.swift */,
				1162D12D240D05F600647002 /* SceneDelegate.swift */,
				11DCD56C243F8EEC006CE8ED /* MainToolbar.swift */,
				11DCD56E243FAEBB006CE8ED /* MainMenu.swift */,
			);
			path = Main;
			sourceTree = "<group>";
		};
		117C84DE2427E3F200688459 /* Localization */ = {
			isa = PBXGroup;
			children = (
				117C84DD2427E3E200688459 /* Localizable.strings */,
			);
			path = Localization;
			sourceTree = "<group>";
		};
		117C84E52428114C00688459 /* Generated */ = {
			isa = PBXGroup;
			children = (
				117C84E62428119600688459 /* Assets.swift */,
				117C84E72428119600688459 /* Strings.swift */,
				117C84F42428D3AA00688459 /* ISO-Country.swift */,
			);
			path = Generated;
			sourceTree = "<group>";
		};
		117C84F02428D04000688459 /* Resources */ = {
			isa = PBXGroup;
			children = (
				1162D134240D05FA00647002 /* Assets.xcassets */,
			);
			path = Resources;
			sourceTree = "<group>";
		};
		11C6D378243E43F0003AC870 /* ChartView */ = {
			isa = PBXGroup;
			children = (
				11DE76872431339400381C0A /* ChartView.swift */,
				11C6D37F243E44FC003AC870 /* BaseChartView.swift */,
				11C6D37B243E4487003AC870 /* RegionChartView.swift */,
				11C6D37D243E44D4003AC870 /* Charts+Extensions.swift */,
			);
			path = ChartView;
			sourceTree = "<group>";
		};
		11C6D379243E4408003AC870 /* Formatters */ = {
			isa = PBXGroup;
			children = (
				11672A1B24114922000B2466 /* PercentValueFormatter.swift */,
				11672A1D2411494F000B2466 /* DayAxisValueFormatter.swift */,
			);
			path = Formatters;
			sourceTree = "<group>";
		};
		11C6D37A243E4441003AC870 /* Components */ = {
			isa = PBXGroup;
			children = (
				1162D153240F934000647002 /* BalloonMarker.swift */,
				1162D152240F934000647002 /* SimpleMarkerView.swift */,
			);
			path = Components;
			sourceTree = "<group>";
		};
		11C6D387243E4705003AC870 /* Region */ = {
			isa = PBXGroup;
			children = (
				11C6D38E243E4849003AC870 /* RegionCells */,
				116EC0A72410DF48006E4559 /* RegionPanelController.swift */,
				1186BC6D242B608200097E9E /* RegionDataController.swift */,
				1195F19D241D2E7900FE718F /* RegionListController.swift */,
			);
			path = Region;
			sourceTree = "<group>";
		};
		11C6D38E243E4849003AC870 /* RegionCells */ = {
			isa = PBXGroup;
			children = (
				1186BC71242B64FE00097E9E /* RegionDataCell.swift */,
				11C6D38A243E47BE003AC870 /* StatsCell.swift */,
				11C6D38C243E47EF003AC870 /* ChartCell.swift */,
				11C6D38F243E4882003AC870 /* UpdateTimeCell.swift */,
				11C6D391243E489F003AC870 /* DataSourceCell.swift */,
				11C6D393243E48C3003AC870 /* AuthorInfoCell.swift */,
			);
			path = RegionCells;
			sourceTree = "<group>";
		};
		11C6D395243E49DB003AC870 /* Map */ = {
			isa = PBXGroup;
			children = (
				1162D12F240D05F600647002 /* MapController.swift */,
				11C6D397243E4A23003AC870 /* PanelLayout.swift */,
				1162D144240EB86400647002 /* RegionAnnotation.swift */,
				1162D160240FA87E00647002 /* RegionAnnotationView.swift */,
				11C6D385243E46B1003AC870 /* DetailsView.swift */,
			);
			path = Map;
			sourceTree = "<group>";
		};
		11C6D396243E49FF003AC870 /* Chart */ = {
			isa = PBXGroup;
			children = (
				113AF0582437A4B2000732D0 /* ChartController.swift */,
			);
			path = Chart;
			sourceTree = "<group>";
		};
		11EB2CA224140D24001769B2 /* Controller */ = {
			isa = PBXGroup;
			children = (
				11C6D395243E49DB003AC870 /* Map */,
				11C6D387243E4705003AC870 /* Region */,
				11C6D396243E49FF003AC870 /* Chart */,
			);
			path = Controller;
			sourceTree = "<group>";
		};
		344ED320241AC7AA004C4EA8 /* Frameworks */ = {
			isa = PBXGroup;
			children = (
				344ED321241AC7AA004C4EA8 /* NotificationCenter.framework */,
			);
			name = Frameworks;
			sourceTree = "<group>";
		};
		344ED323241AC7AA004C4EA8 /* Widget */ = {
			isa = PBXGroup;
			children = (
				344ED324241AC7AA004C4EA8 /* TodayViewController.swift */,
				1186BC662429FD7200097E9E /* Main.storyboard */,
				344ED329241AC7AA004C4EA8 /* Info.plist */,
			);
			path = Widget;
			sourceTree = "<group>";
		};
/* End PBXGroup section */

/* Begin PBXNativeTarget section */
		1162D127240D05F600647002 /* SpatialReality */ = {
			isa = PBXNativeTarget;
			buildConfigurationList = 1162D13C240D05FA00647002 /* Build configuration list for PBXNativeTarget "SpatialReality" */;
			buildPhases = (
				1162D124240D05F600647002 /* Sources */,
				1162D125240D05F600647002 /* Frameworks */,
				1162D126240D05F600647002 /* Resources */,
				344ED32D241AC7AA004C4EA8 /* Embed App Extensions */,
				CDA50DE1242C7D330055BE4A /* Embed Frameworks */,
				11C6D399243E4B49003AC870 /* ShellScript */,
			);
			buildRules = (
			);
			dependencies = (
			);
			name = SpatialReality;
			packageProductDependencies = (
				11BF32A924156AE500270130 /* FloatingPanel */,
				1195F1A4241EC1FB00FE718F /* Charts */,
				115186B0241FAFF300EBC83E /* Disk */,
				115186B3241FB00000EBC83E /* CSV */,
			);
			productName = Corona;
			productReference = 1162D128240D05F600647002 /* SpatialReality.app */;
			productType = "com.apple.product-type.application";
		};
		344ED31E241AC7AA004C4EA8 /* Widget */ = {
			isa = PBXNativeTarget;
			buildConfigurationList = 344ED330241AC7AA004C4EA8 /* Build configuration list for PBXNativeTarget "Widget" */;
			buildPhases = (
				344ED31B241AC7AA004C4EA8 /* Sources */,
				344ED31C241AC7AA004C4EA8 /* Frameworks */,
				344ED31D241AC7AA004C4EA8 /* Resources */,
				CDA50DE4242C7D3C0055BE4A /* Embed Frameworks */,
			);
			buildRules = (
			);
			dependencies = (
			);
			name = Widget;
			packageProductDependencies = (
				115186B5241FB03F00EBC83E /* Disk */,
				115186B7241FB04200EBC83E /* CSV */,
			);
			productName = CoronaTrackerWidget;
			productReference = 344ED31F241AC7AA004C4EA8 /* Widget.appex */;
			productType = "com.apple.product-type.app-extension";
		};
/* End PBXNativeTarget section */

/* Begin PBXProject section */
		1162D120240D05F600647002 /* Project object */ = {
			isa = PBXProject;
			attributes = {
				LastSwiftUpdateCheck = 1130;
				LastUpgradeCheck = 1210;
				ORGANIZATIONNAME = GlassHand;
				TargetAttributes = {
					1162D127240D05F600647002 = {
						CreatedOnToolsVersion = 11.3.1;
					};
					344ED31E241AC7AA004C4EA8 = {
						CreatedOnToolsVersion = 11.3.1;
					};
				};
			};
			buildConfigurationList = 1162D123240D05F600647002 /* Build configuration list for PBXProject "SpatialReality" */;
			compatibilityVersion = "Xcode 12.0";
			developmentRegion = en;
			hasScannedForEncodings = 0;
			knownRegions = (
				en,
				Base,
				de,
				sv,
				it,
				pt,
				ru,
				fr,
				es,
				"zh-Hans",
				ja,
				pl,
				nl,
				ro,
				ko,
			);
			mainGroup = 1162D11F240D05F600647002;
			packageReferences = (
				1162D14B240EE5B800647002 /* XCRemoteSwiftPackageReference "Charts" */,
				11BF32A824156AE500270130 /* XCRemoteSwiftPackageReference "FloatingPanel" */,
				115186AF241FAFF300EBC83E /* XCRemoteSwiftPackageReference "Disk" */,
				115186B2241FB00000EBC83E /* XCRemoteSwiftPackageReference "CSV" */,
			);
			productRefGroup = 1162D129240D05F600647002 /* Products */;
			projectDirPath = "";
			projectRoot = "";
			targets = (
				1162D127240D05F600647002 /* SpatialReality */,
				344ED31E241AC7AA004C4EA8 /* Widget */,
			);
		};
/* End PBXProject section */

/* Begin PBXResourcesBuildPhase section */
		1162D126240D05F600647002 /* Resources */ = {
			isa = PBXResourcesBuildPhase;
			buildActionMask = 2147483647;
			files = (
				1186BC642429FCF800097E9E /* LaunchScreen.storyboard in Resources */,
				117C84DA2427E3E200688459 /* Localizable.strings in Resources */,
				1162D135240D05FA00647002 /* Assets.xcassets in Resources */,
				1186BC652429FCF800097E9E /* Main.storyboard in Resources */,
			);
			runOnlyForDeploymentPostprocessing = 0;
		};
		344ED31D241AC7AA004C4EA8 /* Resources */ = {
			isa = PBXResourcesBuildPhase;
			buildActionMask = 2147483647;
			files = (
				117C84DB2427E3E200688459 /* Localizable.strings in Resources */,
				1186BC672429FD7200097E9E /* Main.storyboard in Resources */,
			);
			runOnlyForDeploymentPostprocessing = 0;
		};
/* End PBXResourcesBuildPhase section */

/* Begin PBXShellScriptBuildPhase section */
		11C6D399243E4B49003AC870 /* ShellScript */ = {
			isa = PBXShellScriptBuildPhase;
			buildActionMask = 2147483647;
			files = (
			);
			inputFileListPaths = (
			);
			inputPaths = (
			);
			outputFileListPaths = (
			);
			outputPaths = (
			);
			runOnlyForDeploymentPostprocessing = 0;
			shellPath = /bin/sh;
			shellScript = "if which swiftlint >/dev/null; then\n  swiftlint\nelse\n  echo \"warning: SwiftLint not installed, download from https://github.com/realm/SwiftLint\"\nfi\n";
		};
/* End PBXShellScriptBuildPhase section */

/* Begin PBXSourcesBuildPhase section */
		1162D124240D05F600647002 /* Sources */ = {
			isa = PBXSourcesBuildPhase;
			buildActionMask = 2147483647;
			files = (
				111C76B62412C90500368F08 /* SystemColor.swift in Sources */,
				115186AA241FAFCE00EBC83E /* JHUWebDataService.swift in Sources */,
				115186A9241FAFCE00EBC83E /* DataService.swift in Sources */,
				1151869D241FAFC200EBC83E /* DataManager.swift in Sources */,
				1151869F241FAFCA00EBC83E /* Report.swift in Sources */,
				1151868B241FA9AA00EBC83E /* UIExtensions.swift in Sources */,
				117C84F52428D3AA00688459 /* ISO-Country.swift in Sources */,
				11DCD56F243FAEBB006CE8ED /* MainMenu.swift in Sources */,
				11C6D382243E460D003AC870 /* MenuItem.swift in Sources */,
				11C6D390243E4882003AC870 /* UpdateTimeCell.swift in Sources */,
				115186A1241FAFCA00EBC83E /* Coordinate.swift in Sources */,
				11C6D394243E48C3003AC870 /* AuthorInfoCell.swift in Sources */,
				11672A1E2411494F000B2466 /* DayAxisValueFormatter.swift in Sources */,
				117C84E82428119600688459 /* Assets.swift in Sources */,
				11C6D37E243E44D4003AC870 /* Charts+Extensions.swift in Sources */,
				1186BC72242B64FE00097E9E /* RegionDataCell.swift in Sources */,
				1162D155240F934000647002 /* SimpleMarkerView.swift in Sources */,
				113AF0592437A4B2000732D0 /* ChartController.swift in Sources */,
				117C84EA2428119600688459 /* Strings.swift in Sources */,
				1162D161240FA87E00647002 /* RegionAnnotationView.swift in Sources */,
				1124F64624224E240002641D /* MenuController.swift in Sources */,
				11C6D398243E4A23003AC870 /* PanelLayout.swift in Sources */,
				1162D145240EB86400647002 /* RegionAnnotation.swift in Sources */,
				11C6D392243E489F003AC870 /* DataSourceCell.swift in Sources */,
				119043B9242F6F2B0080E405 /* TrendlineChartView.swift in Sources */,
				11EB2C9F2413FFE1001769B2 /* HistoryChartView.swift in Sources */,
				115186A0241FAFCA00EBC83E /* TimeSeries.swift in Sources */,
				11C6D386243E46B1003AC870 /* DetailsView.swift in Sources */,
				1114CFC82423F8CC00B1CF85 /* ImageItemSource.swift in Sources */,
				11C6D37C243E4487003AC870 /* RegionChartView.swift in Sources */,
				1151869C241FAF6200EBC83E /* Extensions.swift in Sources */,
				1114CFC92423F8CC00B1CF85 /* TextItemSource.swift in Sources */,
				11EB2CA1241400EF001769B2 /* TopChartView.swift in Sources */,
				11C6D380243E44FC003AC870 /* BaseChartView.swift in Sources */,
				3447B4BD241E7790003914AF /* App.swift in Sources */,
				115186C024203D5100EBC83E /* Change.swift in Sources */,
				11DCD56D243F8EEC006CE8ED /* MainToolbar.swift in Sources */,
				1186BC6E242B608200097E9E /* RegionDataController.swift in Sources */,
				1162D130240D05F600647002 /* MapController.swift in Sources */,
				1124F64A242386A30002641D /* MenuSegue.swift in Sources */,
				11C6D384243E464A003AC870 /* MenuItemCell.swift in Sources */,
				3447B4BB241E7631003914AF /* RegionListController.swift in Sources */,
				11672A1C24114922000B2466 /* PercentValueFormatter.swift in Sources */,
				115186A3241FAFCA00EBC83E /* Region.swift in Sources */,
				115186A2241FAFCA00EBC83E /* Statistic.swift in Sources */,
				116EC0A82410DF48006E4559 /* RegionPanelController.swift in Sources */,
				1124F64C24238C600002641D /* Menu.swift in Sources */,
				115186AB241FAFCE00EBC83E /* JHURepoDataService.swift in Sources */,
				1162D12C240D05F600647002 /* AppDelegate.swift in Sources */,
				1186BC5D24291D4000097E9E /* DeltaChartView.swift in Sources */,
				113AF05F243B52B3000732D0 /* ShareManager.swift in Sources */,
				1162D12E240D05F600647002 /* SceneDelegate.swift in Sources */,
				11DE76882431339400381C0A /* ChartView.swift in Sources */,
				11C6D38B243E47BE003AC870 /* StatsCell.swift in Sources */,
				11C6D38D243E47EF003AC870 /* ChartCell.swift in Sources */,
				1162D156240F934100647002 /* BalloonMarker.swift in Sources */,
				11EB2C9D2413F7E9001769B2 /* CurrentChartView.swift in Sources */,
			);
			runOnlyForDeploymentPostprocessing = 0;
		};
		344ED31B241AC7AA004C4EA8 /* Sources */ = {
			isa = PBXSourcesBuildPhase;
			buildActionMask = 2147483647;
			files = (
				115186AC241FAFCE00EBC83E /* DataService.swift in Sources */,
				115186AE241FAFCE00EBC83E /* JHURepoDataService.swift in Sources */,
				117C84EB2428119600688459 /* Strings.swift in Sources */,
				344ED333241ACCC9004C4EA8 /* TodayViewController.swift in Sources */,
				115186A5241FAFCA00EBC83E /* TimeSeries.swift in Sources */,
				1151869E241FAFC500EBC83E /* DataManager.swift in Sources */,
				115186A8241FAFCA00EBC83E /* Region.swift in Sources */,
				1151868C241FAC5B00EBC83E /* UIExtensions.swift in Sources */,
				115186B9241FB31B00EBC83E /* Extensions.swift in Sources */,
				117C84E92428119600688459 /* Assets.swift in Sources */,
				115186BA242005E900EBC83E /* SystemColor.swift in Sources */,
				115186A4241FAFCA00EBC83E /* Report.swift in Sources */,
				115186A6241FAFCA00EBC83E /* Coordinate.swift in Sources */,
				117C84F62428D3AA00688459 /* ISO-Country.swift in Sources */,
				115186AD241FAFCE00EBC83E /* JHUWebDataService.swift in Sources */,
				115186A7241FAFCA00EBC83E /* Statistic.swift in Sources */,
				115186C124203D6800EBC83E /* Change.swift in Sources */,
			);
			runOnlyForDeploymentPostprocessing = 0;
		};
/* End PBXSourcesBuildPhase section */

/* Begin PBXVariantGroup section */
		117C84DD2427E3E200688459 /* Localizable.strings */ = {
			isa = PBXVariantGroup;
			children = (
				117C84DF2427E43F00688459 /* Base */,
				117C84E32427F52D00688459 /* de */,
				117C84E42427F54C00688459 /* sv */,
				117C84EC2428907F00688459 /* it */,
				117C84FC24290AE100688459 /* pt */,
				18CAD032242A5E1200CA1CEE /* ru */,
				1186BC6A242A743000097E9E /* fr */,
				11DE76842430AB2900381C0A /* es */,
				11DE76852430AB9100381C0A /* zh-Hans */,
				11DE76862430AE6600381C0A /* ja */,
				34C02EBB2431246C00AE80FE /* pl */,
				113AF060243CB1C1000732D0 /* nl */,
				113AF061243CB277000732D0 /* ro */,
				FC5A29A624400862005C58BB /* ko */,
			);
			name = Localizable.strings;
			sourceTree = "<group>";
		};
/* End PBXVariantGroup section */

/* Begin XCBuildConfiguration section */
		1162D13A240D05FA00647002 /* Debug */ = {
			isa = XCBuildConfiguration;
			buildSettings = {
				ALWAYS_SEARCH_USER_PATHS = NO;
				CLANG_ANALYZER_LOCALIZABILITY_NONLOCALIZED = YES;
				CLANG_ANALYZER_NONNULL = YES;
				CLANG_ANALYZER_NUMBER_OBJECT_CONVERSION = YES_AGGRESSIVE;
				CLANG_CXX_LANGUAGE_STANDARD = "gnu++14";
				CLANG_CXX_LIBRARY = "libc++";
				CLANG_ENABLE_MODULES = YES;
				CLANG_ENABLE_OBJC_ARC = YES;
				CLANG_ENABLE_OBJC_WEAK = YES;
				CLANG_WARN_BLOCK_CAPTURE_AUTORELEASING = YES;
				CLANG_WARN_BOOL_CONVERSION = YES;
				CLANG_WARN_COMMA = YES;
				CLANG_WARN_CONSTANT_CONVERSION = YES;
				CLANG_WARN_DEPRECATED_OBJC_IMPLEMENTATIONS = YES;
				CLANG_WARN_DIRECT_OBJC_ISA_USAGE = YES_ERROR;
				CLANG_WARN_DOCUMENTATION_COMMENTS = YES;
				CLANG_WARN_EMPTY_BODY = YES;
				CLANG_WARN_ENUM_CONVERSION = YES;
				CLANG_WARN_INFINITE_RECURSION = YES;
				CLANG_WARN_INT_CONVERSION = YES;
				CLANG_WARN_NON_LITERAL_NULL_CONVERSION = YES;
				CLANG_WARN_OBJC_IMPLICIT_RETAIN_SELF = YES;
				CLANG_WARN_OBJC_LITERAL_CONVERSION = YES;
				CLANG_WARN_OBJC_ROOT_CLASS = YES_ERROR;
				CLANG_WARN_QUOTED_INCLUDE_IN_FRAMEWORK_HEADER = YES;
				CLANG_WARN_RANGE_LOOP_ANALYSIS = YES;
				CLANG_WARN_STRICT_PROTOTYPES = YES;
				CLANG_WARN_SUSPICIOUS_MOVE = YES;
				CLANG_WARN_UNGUARDED_AVAILABILITY = YES_AGGRESSIVE;
				CLANG_WARN_UNREACHABLE_CODE = YES;
				CLANG_WARN__DUPLICATE_METHOD_MATCH = YES;
				COPY_PHASE_STRIP = NO;
				ENABLE_STRICT_OBJC_MSGSEND = YES;
				ENABLE_TESTABILITY = YES;
				GCC_C_LANGUAGE_STANDARD = gnu11;
				GCC_DYNAMIC_NO_PIC = NO;
				GCC_NO_COMMON_BLOCKS = YES;
				GCC_OPTIMIZATION_LEVEL = 0;
				GCC_PREPROCESSOR_DEFINITIONS = (
					"DEBUG=1",
					"$(inherited)",
				);
				GCC_WARN_64_TO_32_BIT_CONVERSION = YES;
				GCC_WARN_ABOUT_RETURN_TYPE = YES_ERROR;
				GCC_WARN_UNDECLARED_SELECTOR = YES;
				GCC_WARN_UNINITIALIZED_AUTOS = YES_AGGRESSIVE;
				GCC_WARN_UNUSED_FUNCTION = YES;
				GCC_WARN_UNUSED_VARIABLE = YES;
				IPHONEOS_DEPLOYMENT_TARGET = 14.1;
				MTL_ENABLE_DEBUG_INFO = INCLUDE_SOURCE;
				MTL_FAST_MATH = YES;
				ONLY_ACTIVE_ARCH = YES;
				SDKROOT = iphoneos;
				SWIFT_ACTIVE_COMPILATION_CONDITIONS = DEBUG;
				SWIFT_OPTIMIZATION_LEVEL = "-Onone";
			};
			name = Debug;
		};
		1162D13B240D05FA00647002 /* Release */ = {
			isa = XCBuildConfiguration;
			buildSettings = {
				ALWAYS_SEARCH_USER_PATHS = NO;
				CLANG_ANALYZER_LOCALIZABILITY_NONLOCALIZED = YES;
				CLANG_ANALYZER_NONNULL = YES;
				CLANG_ANALYZER_NUMBER_OBJECT_CONVERSION = YES_AGGRESSIVE;
				CLANG_CXX_LANGUAGE_STANDARD = "gnu++14";
				CLANG_CXX_LIBRARY = "libc++";
				CLANG_ENABLE_MODULES = YES;
				CLANG_ENABLE_OBJC_ARC = YES;
				CLANG_ENABLE_OBJC_WEAK = YES;
				CLANG_WARN_BLOCK_CAPTURE_AUTORELEASING = YES;
				CLANG_WARN_BOOL_CONVERSION = YES;
				CLANG_WARN_COMMA = YES;
				CLANG_WARN_CONSTANT_CONVERSION = YES;
				CLANG_WARN_DEPRECATED_OBJC_IMPLEMENTATIONS = YES;
				CLANG_WARN_DIRECT_OBJC_ISA_USAGE = YES_ERROR;
				CLANG_WARN_DOCUMENTATION_COMMENTS = YES;
				CLANG_WARN_EMPTY_BODY = YES;
				CLANG_WARN_ENUM_CONVERSION = YES;
				CLANG_WARN_INFINITE_RECURSION = YES;
				CLANG_WARN_INT_CONVERSION = YES;
				CLANG_WARN_NON_LITERAL_NULL_CONVERSION = YES;
				CLANG_WARN_OBJC_IMPLICIT_RETAIN_SELF = YES;
				CLANG_WARN_OBJC_LITERAL_CONVERSION = YES;
				CLANG_WARN_OBJC_ROOT_CLASS = YES_ERROR;
				CLANG_WARN_QUOTED_INCLUDE_IN_FRAMEWORK_HEADER = YES;
				CLANG_WARN_RANGE_LOOP_ANALYSIS = YES;
				CLANG_WARN_STRICT_PROTOTYPES = YES;
				CLANG_WARN_SUSPICIOUS_MOVE = YES;
				CLANG_WARN_UNGUARDED_AVAILABILITY = YES_AGGRESSIVE;
				CLANG_WARN_UNREACHABLE_CODE = YES;
				CLANG_WARN__DUPLICATE_METHOD_MATCH = YES;
				COPY_PHASE_STRIP = NO;
				ENABLE_NS_ASSERTIONS = NO;
				ENABLE_STRICT_OBJC_MSGSEND = YES;
				GCC_C_LANGUAGE_STANDARD = gnu11;
				GCC_NO_COMMON_BLOCKS = YES;
				GCC_WARN_64_TO_32_BIT_CONVERSION = YES;
				GCC_WARN_ABOUT_RETURN_TYPE = YES_ERROR;
				GCC_WARN_UNDECLARED_SELECTOR = YES;
				GCC_WARN_UNINITIALIZED_AUTOS = YES_AGGRESSIVE;
				GCC_WARN_UNUSED_FUNCTION = YES;
				GCC_WARN_UNUSED_VARIABLE = YES;
				IPHONEOS_DEPLOYMENT_TARGET = 14.1;
				MTL_ENABLE_DEBUG_INFO = NO;
				MTL_FAST_MATH = YES;
				SDKROOT = iphoneos;
				SWIFT_COMPILATION_MODE = wholemodule;
				SWIFT_OPTIMIZATION_LEVEL = "-O";
				VALIDATE_PRODUCT = YES;
			};
			name = Release;
		};
		1162D13D240D05FA00647002 /* Debug */ = {
			isa = XCBuildConfiguration;
			buildSettings = {
				ALWAYS_EMBED_SWIFT_STANDARD_LIBRARIES = YES;
				ASSETCATALOG_COMPILER_APPICON_NAME = AppIcon;
				CODE_SIGN_ENTITLEMENTS = Corona/App.entitlements;
				CODE_SIGN_STYLE = Automatic;
				CURRENT_PROJECT_VERSION = 1.8;
				DERIVE_MACCATALYST_PRODUCT_BUNDLE_IDENTIFIER = YES;
				DEVELOPMENT_TEAM = 55AFPWUVR6;
				INFOPLIST_FILE = Corona/Info.plist;
				LD_RUNPATH_SEARCH_PATHS = (
					"$(inherited)",
					"@executable_path/Frameworks",
				);
				MARKETING_VERSION = 1.8;
				PRODUCT_BUNDLE_IDENTIFIER = com.aftertouchsoftware.SpatialReality;
				PRODUCT_NAME = "$(TARGET_NAME)";
				SUPPORTS_MACCATALYST = YES;
				SWIFT_VERSION = 5.0;
				TARGETED_DEVICE_FAMILY = "1,2";
			};
			name = Debug;
		};
		1162D13E240D05FA00647002 /* Release */ = {
			isa = XCBuildConfiguration;
			buildSettings = {
				ALWAYS_EMBED_SWIFT_STANDARD_LIBRARIES = YES;
				ASSETCATALOG_COMPILER_APPICON_NAME = AppIcon;
				CODE_SIGN_ENTITLEMENTS = Corona/App.entitlements;
				CODE_SIGN_STYLE = Automatic;
				CURRENT_PROJECT_VERSION = 1.8;
				DERIVE_MACCATALYST_PRODUCT_BUNDLE_IDENTIFIER = YES;
				DEVELOPMENT_TEAM = 55AFPWUVR6;
				INFOPLIST_FILE = Corona/Info.plist;
				LD_RUNPATH_SEARCH_PATHS = (
					"$(inherited)",
					"@executable_path/Frameworks",
				);
				MARKETING_VERSION = 1.8;
				PRODUCT_BUNDLE_IDENTIFIER = com.aftertouchsoftware.SpatialReality;
				PRODUCT_NAME = "$(TARGET_NAME)";
				SUPPORTS_MACCATALYST = YES;
				SWIFT_VERSION = 5.0;
				TARGETED_DEVICE_FAMILY = "1,2";
			};
			name = Release;
		};
		344ED32E241AC7AA004C4EA8 /* Debug */ = {
			isa = XCBuildConfiguration;
			buildSettings = {
				CODE_SIGN_STYLE = Automatic;
				DEBUG_INFORMATION_FORMAT = dwarf;
				DEVELOPMENT_TEAM = 55AFPWUVR6;
				INFOPLIST_FILE = Widget/Info.plist;
				LD_RUNPATH_SEARCH_PATHS = (
					"$(inherited)",
					"@executable_path/Frameworks",
					"@executable_path/../../Frameworks",
				);
				PRODUCT_BUNDLE_IDENTIFIER = com.aftertouchsoftware.SpatialReality.widget;
				PRODUCT_NAME = "$(TARGET_NAME)";
				SKIP_INSTALL = YES;
				SWIFT_VERSION = 5.0;
				TARGETED_DEVICE_FAMILY = "1,2";
			};
			name = Debug;
		};
		344ED32F241AC7AA004C4EA8 /* Release */ = {
			isa = XCBuildConfiguration;
			buildSettings = {
				CODE_SIGN_STYLE = Automatic;
				DEBUG_INFORMATION_FORMAT = "dwarf-with-dsym";
				DEVELOPMENT_TEAM = 55AFPWUVR6;
				INFOPLIST_FILE = Widget/Info.plist;
				LD_RUNPATH_SEARCH_PATHS = (
					"$(inherited)",
					"@executable_path/Frameworks",
					"@executable_path/../../Frameworks",
				);
				PRODUCT_BUNDLE_IDENTIFIER = com.aftertouchsoftware.SpatialReality.widget;
				PRODUCT_NAME = "$(TARGET_NAME)";
				SKIP_INSTALL = YES;
				SWIFT_VERSION = 5.0;
				TARGETED_DEVICE_FAMILY = "1,2";
			};
			name = Release;
		};
/* End XCBuildConfiguration section */

/* Begin XCConfigurationList section */
		1162D123240D05F600647002 /* Build configuration list for PBXProject "SpatialReality" */ = {
			isa = XCConfigurationList;
			buildConfigurations = (
				1162D13A240D05FA00647002 /* Debug */,
				1162D13B240D05FA00647002 /* Release */,
			);
			defaultConfigurationIsVisible = 0;
			defaultConfigurationName = Release;
		};
		1162D13C240D05FA00647002 /* Build configuration list for PBXNativeTarget "SpatialReality" */ = {
			isa = XCConfigurationList;
			buildConfigurations = (
				1162D13D240D05FA00647002 /* Debug */,
				1162D13E240D05FA00647002 /* Release */,
			);
			defaultConfigurationIsVisible = 0;
			defaultConfigurationName = Release;
		};
		344ED330241AC7AA004C4EA8 /* Build configuration list for PBXNativeTarget "Widget" */ = {
			isa = XCConfigurationList;
			buildConfigurations = (
				344ED32E241AC7AA004C4EA8 /* Debug */,
				344ED32F241AC7AA004C4EA8 /* Release */,
			);
			defaultConfigurationIsVisible = 0;
			defaultConfigurationName = Release;
		};
/* End XCConfigurationList section */

/* Begin XCRemoteSwiftPackageReference section */
		115186AF241FAFF300EBC83E /* XCRemoteSwiftPackageReference "Disk" */ = {
			isa = XCRemoteSwiftPackageReference;
			repositoryURL = "https://github.com/mhdhejazi/Disk";
			requirement = {
				branch = dynamic;
				kind = branch;
			};
		};
		115186B2241FB00000EBC83E /* XCRemoteSwiftPackageReference "CSV" */ = {
			isa = XCRemoteSwiftPackageReference;
			repositoryURL = "https://github.com/mhdhejazi/CSV.swift";
			requirement = {
				branch = dynamic;
				kind = branch;
			};
		};
		1162D14B240EE5B800647002 /* XCRemoteSwiftPackageReference "Charts" */ = {
			isa = XCRemoteSwiftPackageReference;
			repositoryURL = "https://github.com/mhdhejazi/Charts";
			requirement = {
				branch = "half-pie";
				kind = branch;
			};
		};
		11BF32A824156AE500270130 /* XCRemoteSwiftPackageReference "FloatingPanel" */ = {
			isa = XCRemoteSwiftPackageReference;
			repositoryURL = "https://github.com/mhdhejazi/FloatingPanel";
			requirement = {
				branch = master;
				kind = branch;
			};
		};
/* End XCRemoteSwiftPackageReference section */

/* Begin XCSwiftPackageProductDependency section */
		115186B0241FAFF300EBC83E /* Disk */ = {
			isa = XCSwiftPackageProductDependency;
			package = 115186AF241FAFF300EBC83E /* XCRemoteSwiftPackageReference "Disk" */;
			productName = Disk;
		};
		115186B3241FB00000EBC83E /* CSV */ = {
			isa = XCSwiftPackageProductDependency;
			package = 115186B2241FB00000EBC83E /* XCRemoteSwiftPackageReference "CSV" */;
			productName = CSV;
		};
		115186B5241FB03F00EBC83E /* Disk */ = {
			isa = XCSwiftPackageProductDependency;
			package = 115186AF241FAFF300EBC83E /* XCRemoteSwiftPackageReference "Disk" */;
			productName = Disk;
		};
		115186B7241FB04200EBC83E /* CSV */ = {
			isa = XCSwiftPackageProductDependency;
			package = 115186B2241FB00000EBC83E /* XCRemoteSwiftPackageReference "CSV" */;
			productName = CSV;
		};
		1195F1A4241EC1FB00FE718F /* Charts */ = {
			isa = XCSwiftPackageProductDependency;
			package = 1162D14B240EE5B800647002 /* XCRemoteSwiftPackageReference "Charts" */;
			productName = Charts;
		};
		11BF32A924156AE500270130 /* FloatingPanel */ = {
			isa = XCSwiftPackageProductDependency;
			package = 11BF32A824156AE500270130 /* XCRemoteSwiftPackageReference "FloatingPanel" */;
			productName = FloatingPanel;
		};
/* End XCSwiftPackageProductDependency section */
	};
	rootObject = 1162D120240D05F600647002 /* Project object */;
}
