{
  "object": {
    "pins": [
      {
        "package": "Charts",
        "repositoryURL": "https://github.com/danielgindi/Charts",
        "state": {
          "branch": null,
          "revision": "dbf7fa2891270f88aeafc872ea0beddb344af94b",
          "version": "3.4.0"
        }
      },
      {
        "package": "CSV.swift",
        "repositoryURL": "https://github.com/yaslab/CSV.swift",
        "state": {
          "branch": null,
          "revision": "81d2874c51db364d7e1d71b0d99018a294c87ac1",
          "version": "2.4.3"
        }
      },
      {
        "package": "Disk",
        "repositoryURL": "https://github.com/saoudrizwan/Disk",
        "state": {
          "branch": null,
          "revision": "b0cb4fdf23e51849cc2460bdc6de795c3bcca99d",
          "version": "0.6.4"
        }
      },
      {
        "package": "FloatingPanel",
        "repositoryURL": "https://github.com/MhdHejazi/FloatingPanel",
        "state": {
          "branch": "master",
          "revision": "7db5b234f825dc34a0ed52045f2b4118fcd1a004",
          "version": null
        }
      }
    ]
  },
  "version": 1
}
