{
  "object": {
    "pins": [
      {
        "package": "Charts",
        "repositoryURL": "https://github.com/mhdhejazi/Charts",
        "state": {
          "branch": "half-pie",
          "revision": "a04c032c47e33fd71c52232355316c9955b35eb3",
          "version": null
        }
      },
      {
        "package": "CSV.swift",
        "repositoryURL": "https://github.com/mhdhejazi/CSV.swift",
        "state": {
          "branch": "dynamic",
          "revision": "f13cbf050b29b0f55c4d126f5ad4647e497ae4fa",
          "version": null
        }
      },
      {
        "package": "Disk",
        "repositoryURL": "https://github.com/mhdhejazi/Disk",
        "state": {
          "branch": "dynamic",
          "revision": "804d20a82d84e9dce6309c147d5d871b2bcbb48a",
          "version": null
        }
      },
      {
        "package": "FloatingPanel",
        "repositoryURL": "https://github.com/mhdhejazi/FloatingPanel",
        "state": {
          "branch": "master",
          "revision": "09dd385be2877288055ed8e07ffa8b197f8902e7",
          "version": null
        }
      }
    ]
  },
  "version": 1
}
