{
  "object": {
    "pins": [
      {
        "package": "Charts",
        "repositoryURL": "https://github.com/MhdHejazi/Charts",
        "state": {
          "branch": "half-pie",
          "revision": "5a2efdaa494c8f1185b0e60a821a814ff39d8f71",
          "version": null
        }
      },
      {
        "package": "CSV.swift",
        "repositoryURL": "https://github.com/yaslab/CSV.swift",
        "state": {
          "branch": null,
          "revision": "81d2874c51db364d7e1d71b0d99018a294c87ac1",
          "version": "2.4.3"
        }
      },
      {
        "package": "Disk",
        "repositoryURL": "https://github.com/saoudrizwan/Disk",
        "state": {
          "branch": null,
          "revision": "b0cb4fdf23e51849cc2460bdc6de795c3bcca99d",
          "version": "0.6.4"
        }
      },
      {
        "package": "FloatingPanel",
        "repositoryURL": "https://github.com/MhdHejazi/FloatingPanel",
        "state": {
          "branch": "master",
          "revision": "09dd385be2877288055ed8e07ffa8b197f8902e7",
          "version": null
        }
      }
    ]
  },
  "version": 1
}
